// !$*UTF8*$!
{
	archiveVersion = 1;
	classes = {
	};
	objectVersion = 46;
	objects = {

/* Begin PBXAggregateTarget section */
		01F476452D1563FF7370E62D /* MicroModulation - All */ = {
			isa = PBXAggregateTarget;
			buildConfigurationList = BF0BC20A7713DF55C219D874;
			buildPhases = (
			);
			dependencies = (
				14879F3EB0760E1A37457BE2,
				A552222F4C389591253804E6,
				44FE5230314D2698F9C5275F,
				7B18699D877B284077400C01,
			);
			name = "MicroModulation - All";
			productName = MicroModulation;
		};
/* End PBXAggregateTarget section */

/* Begin PBXBuildFile section */
		083668C03522B18E93F18CFC /* include_juce_audio_basics.mm */ = {isa = PBXBuildFile; fileRef = 1C2876EFF950CF4DE09DD125; };
		109EABF7F494FA15CB2A87FD /* Cocoa.framework */ = {isa = PBXBuildFile; fileRef = 2D367E3971A31F38189531D8; };
		236EF618140561DAA073A0BA /* PluginEditor.cpp */ = {isa = PBXBuildFile; fileRef = 4DFE13C5A751C035E24B0B9C; };
		287103BF404E6F71688154D6 /* Scale.cpp */ = {isa = PBXBuildFile; fileRef = 6EFDF549C363881622D07EE9; };
		2D12A43E3118BA63C8378640 /* include_juce_audio_plugin_client_AU_2.mm */ = {isa = PBXBuildFile; fileRef = FEC91E7F9AAC17FE004748B5; };
		2E048E526F47A259DED0E364 /* include_juce_audio_plugin_client_VST3.cpp */ = {isa = PBXBuildFile; fileRef = 7E3EB56A408136E3D3AC9C0C; };
		2F77B77E7325F709F025D863 /* include_juce_audio_processors.mm */ = {isa = PBXBuildFile; fileRef = 8CB4B207CC17600534CD4E84; };
		2FF8BD41EBA54FFE83698B5F /* include_juce_audio_plugin_client_VST_utils.mm */ = {isa = PBXBuildFile; fileRef = B55508BD4D7F2F66B5E7BF00; };
		394F25B71E33A5F7BE8B277F /* CoreMIDI.framework */ = {isa = PBXBuildFile; fileRef = 4A1E07DC88868C1DBBB9EBE4; };
		3AFCBC4992C9ADED4AB615B1 /* IOKit.framework */ = {isa = PBXBuildFile; fileRef = 767E9959D33E606407A62F10; };
		3B3CA4491AE1EA0B007566D5 /* include_juce_audio_formats.mm */ = {isa = PBXBuildFile; fileRef = AA251A8BD4110AC02185DF16; };
		3C3D3BF020589965F98EC90D /* include_juce_audio_plugin_client_Standalone.cpp */ = {isa = PBXBuildFile; fileRef = 64A2D5D928E0FE5E937662E6; };
		43C4DD6707EF9E716B22A50B /* include_juce_gui_basics.mm */ = {isa = PBXBuildFile; fileRef = E6EC2E8AFE2B05FA48BAEAB4; };
		46450FA5B0E4F289D72C94F6 /* include_juce_graphics.mm */ = {isa = PBXBuildFile; fileRef = AD8F73FD6B32D3991DB47EE6; };
		4B86CF24F436EB9D4F32B6AA /* AU */ = {isa = PBXBuildFile; fileRef = BEA1B0646E00B6615AD8DC48; };
		4CCB10F16BD1FD1B4D7EC8A9 /* Accelerate.framework */ = {isa = PBXBuildFile; fileRef = 1F90394087BB4E0AC7F49CEA; };
		531C5F69115FFB4CCA050317 /* CoreAudioKit.framework */ = {isa = PBXBuildFile; fileRef = 17D2F312F79F3491DEEB3F96; };
		5FFBCF88DF7F96814B0B4B40 /* include_juce_gui_extra.mm */ = {isa = PBXBuildFile; fileRef = A909D985736DAF20974B6308; };
		61551B0DA5966C99FA0151FA /* include_juce_audio_plugin_client_AU_1.mm */ = {isa = PBXBuildFile; fileRef = 60E0B3EF5AF12E694C64F9B8; };
		686FB913FF2FB68A375FB1D4 /* VST3 */ = {isa = PBXBuildFile; fileRef = 97FE49E623B329C4921A2BBB; };
		6E5BEFEC155674A3D256A0D9 /* RecentFilesMenuTemplate.nib */ = {isa = PBXBuildFile; fileRef = 9DE6CA14E3A3D55E10351D5B; };
		6EA6203B48C10EFF0735065D /* Carbon.framework */ = {isa = PBXBuildFile; fileRef = AAC5E33705CF4E30FAA7248A; };
		717CEFA61AE42CE134385F7F /* include_juce_audio_plugin_client_utils.cpp */ = {isa = PBXBuildFile; fileRef = 712D1D343CDC923F151CA6BC; };
		7C22B52AF2DED35A6D1DF99A /* Shared Code */ = {isa = PBXBuildFile; fileRef = 2CD6120999B97E5C03BD85D2; };
		821464D7E22C7A1E98A51210 /* QuartzCore.framework */ = {isa = PBXBuildFile; fileRef = 8DF6A76F1B5930C2639D29BA; };
		8E0F08B244DDF717A9D2FE5A /* include_juce_audio_utils.mm */ = {isa = PBXBuildFile; fileRef = 5F35133FA7B30B9F6F3843A3; };
		92288E4EC1D3074488B2A63B /* Standalone Plugin */ = {isa = PBXBuildFile; fileRef = BD4F9440FC404AD2154C0478; };
		95CDDB1F13C46278B420BF0D /* DiscRecording.framework */ = {isa = PBXBuildFile; fileRef = 9ADC952BD764613BA4982F2A; };
		9A34D42231B864A14E80949A /* include_juce_data_structures.mm */ = {isa = PBXBuildFile; fileRef = 931D73D468F85E8E07B08384; };
		A04729E77049CE9AC5DCC8BA /* WebKit.framework */ = {isa = PBXBuildFile; fileRef = A3017A61C1A0D2B374F2F42D; };
		A7B86CBCAC1ADFC9168F9946 /* include_juce_audio_plugin_client_AU.r */ = {isa = PBXBuildFile; fileRef = 50A932BC50AFFB7B953724F9; };
		B00EEDCB3053AC9C64F331D4 /* include_juce_core.mm */ = {isa = PBXBuildFile; fileRef = CFB4C08EA338D761EBDC06BB; };
		CB847DF3CC746D458F0313F9 /* PluginProcessor.cpp */ = {isa = PBXBuildFile; fileRef = CE547179FBCC4A659B21132C; };
		CE7EED827A3814076F3A45F5 /* AudioUnit.framework */ = {isa = PBXBuildFile; fileRef = A7E88E8E51C3CABCDCFA2F3F; };
		D4642F3C8463C8B2079AAFD8 /* include_juce_events.mm */ = {isa = PBXBuildFile; fileRef = 121708A93E5637E4D6525FA1; };
		DB408B8CA4B9F6792DEC7E3E /* include_juce_audio_devices.mm */ = {isa = PBXBuildFile; fileRef = DEA5F363A787362B245481F2; };
		EA7FD96A6BD0B020B692850F /* Foundation.framework */ = {isa = PBXBuildFile; fileRef = 16B230029A5EEC8941D2AB58; };
		EC00DDC1F03C7426F9C22140 /* KeyboardMap.cpp */ = {isa = PBXBuildFile; fileRef = A51BC6C0231AAED92AB9B376; };
		F2B9A8361AF81D3D024493B9 /* CoreAudio.framework */ = {isa = PBXBuildFile; fileRef = 8F36B4955717AFFB7F925F81; };
		FBF2E27E6D565B23F7049028 /* AudioToolbox.framework */ = {isa = PBXBuildFile; fileRef = 357D4C444774AF6B2F9C85B6; };
/* End PBXBuildFile section */

/* Begin PBXFileReference section */
		015AF7EA67F0B96461B6F07D /* juce_audio_processors */ /* juce_audio_processors */ = {isa = PBXFileReference; lastKnownFileType = folder; name = juce_audio_processors; path = /Users/NevetssteveN/Desktop/Development/JUCE/modules/juce_audio_processors; sourceTree = "<absolute>"; };
		04A63ECB88B063162DEEAE14 /* PluginProcessor.h */ /* PluginProcessor.h */ = {isa = PBXFileReference; lastKnownFileType = sourcecode.c.h; name = PluginProcessor.h; path = ../../Source/PluginProcessor.h; sourceTree = SOURCE_ROOT; };
		121708A93E5637E4D6525FA1 /* include_juce_events.mm */ /* include_juce_events.mm */ = {isa = PBXFileReference; lastKnownFileType = sourcecode.cpp.objcpp; name = include_juce_events.mm; path = ../../JuceLibraryCode/include_juce_events.mm; sourceTree = SOURCE_ROOT; };
		16B230029A5EEC8941D2AB58 /* Foundation.framework */ /* Foundation.framework */ = {isa = PBXFileReference; lastKnownFileType = wrapper.framework; name = Foundation.framework; path = System/Library/Frameworks/Foundation.framework; sourceTree = SDKROOT; };
		17D2F312F79F3491DEEB3F96 /* CoreAudioKit.framework */ /* CoreAudioKit.framework */ = {isa = PBXFileReference; lastKnownFileType = wrapper.framework; name = CoreAudioKit.framework; path = System/Library/Frameworks/CoreAudioKit.framework; sourceTree = SDKROOT; };
		1C2876EFF950CF4DE09DD125 /* include_juce_audio_basics.mm */ /* include_juce_audio_basics.mm */ = {isa = PBXFileReference; lastKnownFileType = sourcecode.cpp.objcpp; name = include_juce_audio_basics.mm; path = ../../JuceLibraryCode/include_juce_audio_basics.mm; sourceTree = SOURCE_ROOT; };
		1F90394087BB4E0AC7F49CEA /* Accelerate.framework */ /* Accelerate.framework */ = {isa = PBXFileReference; lastKnownFileType = wrapper.framework; name = Accelerate.framework; path = System/Library/Frameworks/Accelerate.framework; sourceTree = SDKROOT; };
		2CD6120999B97E5C03BD85D2 /* Shared Code */ = {isa = PBXFileReference; explicitFileType = archive.ar; includeInIndex = 0; path = libMicroModulation.a; sourceTree = BUILT_PRODUCTS_DIR; };
		2D367E3971A31F38189531D8 /* Cocoa.framework */ /* Cocoa.framework */ = {isa = PBXFileReference; lastKnownFileType = wrapper.framework; name = Cocoa.framework; path = System/Library/Frameworks/Cocoa.framework; sourceTree = SDKROOT; };
		357D4C444774AF6B2F9C85B6 /* AudioToolbox.framework */ /* AudioToolbox.framework */ = {isa = PBXFileReference; lastKnownFileType = wrapper.framework; name = AudioToolbox.framework; path = System/Library/Frameworks/AudioToolbox.framework; sourceTree = SDKROOT; };
		378E2AA515B0A3670C86D469 /* juce_graphics */ /* juce_graphics */ = {isa = PBXFileReference; lastKnownFileType = folder; name = juce_graphics; path = /Users/NevetssteveN/Desktop/Development/JUCE/modules/juce_graphics; sourceTree = "<absolute>"; };
		37B21B9BD16316421FC9181A /* utils.h */ /* utils.h */ = {isa = PBXFileReference; lastKnownFileType = sourcecode.c.h; name = utils.h; path = ../../Source/utils.h; sourceTree = SOURCE_ROOT; };
		37E62C703C330013EAADDE26 /* MidiProcessor.h */ /* MidiProcessor.h */ = {isa = PBXFileReference; lastKnownFileType = sourcecode.c.h; name = MidiProcessor.h; path = ../../Source/MidiProcessor.h; sourceTree = SOURCE_ROOT; };
		4600F2DD759F738D72D0E2BC /* Info-AU.plist */ /* Info-AU.plist */ = {isa = PBXFileReference; lastKnownFileType = text.plist.xml; name = "Info-AU.plist"; path = "Info-AU.plist"; sourceTree = SOURCE_ROOT; };
		4A1E07DC88868C1DBBB9EBE4 /* CoreMIDI.framework */ /* CoreMIDI.framework */ = {isa = PBXFileReference; lastKnownFileType = wrapper.framework; name = CoreMIDI.framework; path = System/Library/Frameworks/CoreMIDI.framework; sourceTree = SDKROOT; };
		4DFE13C5A751C035E24B0B9C /* PluginEditor.cpp */ /* PluginEditor.cpp */ = {isa = PBXFileReference; lastKnownFileType = sourcecode.cpp.cpp; name = PluginEditor.cpp; path = ../../Source/PluginEditor.cpp; sourceTree = SOURCE_ROOT; };
		50A932BC50AFFB7B953724F9 /* include_juce_audio_plugin_client_AU.r */ /* include_juce_audio_plugin_client_AU.r */ = {isa = PBXFileReference; lastKnownFileType = file.r; name = include_juce_audio_plugin_client_AU.r; path = ../../JuceLibraryCode/include_juce_audio_plugin_client_AU.r; sourceTree = SOURCE_ROOT; };
		51435C8E901803564DE5D6EA /* Identifiers.h */ /* Identifiers.h */ = {isa = PBXFileReference; lastKnownFileType = sourcecode.c.h; name = Identifiers.h; path = ../../Source/Identifiers.h; sourceTree = SOURCE_ROOT; };
		5F35133FA7B30B9F6F3843A3 /* include_juce_audio_utils.mm */ /* include_juce_audio_utils.mm */ = {isa = PBXFileReference; lastKnownFileType = sourcecode.cpp.objcpp; name = include_juce_audio_utils.mm; path = ../../JuceLibraryCode/include_juce_audio_utils.mm; sourceTree = SOURCE_ROOT; };
		60E0B3EF5AF12E694C64F9B8 /* include_juce_audio_plugin_client_AU_1.mm */ /* include_juce_audio_plugin_client_AU_1.mm */ = {isa = PBXFileReference; lastKnownFileType = sourcecode.cpp.objcpp; name = include_juce_audio_plugin_client_AU_1.mm; path = ../../JuceLibraryCode/include_juce_audio_plugin_client_AU_1.mm; sourceTree = SOURCE_ROOT; };
		64A2D5D928E0FE5E937662E6 /* include_juce_audio_plugin_client_Standalone.cpp */ /* include_juce_audio_plugin_client_Standalone.cpp */ = {isa = PBXFileReference; lastKnownFileType = sourcecode.cpp.cpp; name = include_juce_audio_plugin_client_Standalone.cpp; path = ../../JuceLibraryCode/include_juce_audio_plugin_client_Standalone.cpp; sourceTree = SOURCE_ROOT; };
		6AD389C1A7EC82D381CBC671 /* JuceHeader.h */ /* JuceHeader.h */ = {isa = PBXFileReference; lastKnownFileType = sourcecode.c.h; name = JuceHeader.h; path = ../../JuceLibraryCode/JuceHeader.h; sourceTree = SOURCE_ROOT; };
		6EFDF549C363881622D07EE9 /* Scale.cpp */ /* Scale.cpp */ = {isa = PBXFileReference; lastKnownFileType = sourcecode.cpp.cpp; name = Scale.cpp; path = ../../Source/Scale.cpp; sourceTree = SOURCE_ROOT; };
		712D1D343CDC923F151CA6BC /* include_juce_audio_plugin_client_utils.cpp */ /* include_juce_audio_plugin_client_utils.cpp */ = {isa = PBXFileReference; lastKnownFileType = sourcecode.cpp.cpp; name = include_juce_audio_plugin_client_utils.cpp; path = ../../JuceLibraryCode/include_juce_audio_plugin_client_utils.cpp; sourceTree = SOURCE_ROOT; };
		7435C536E343E4CCE6980842 /* UIComponents.h */ /* UIComponents.h */ = {isa = PBXFileReference; lastKnownFileType = sourcecode.c.h; name = UIComponents.h; path = ../../Source/UIComponents.h; sourceTree = SOURCE_ROOT; };
		752E92100527F58E47A8330F /* juce_audio_basics */ /* juce_audio_basics */ = {isa = PBXFileReference; lastKnownFileType = folder; name = juce_audio_basics; path = /Users/NevetssteveN/Desktop/Development/JUCE/modules/juce_audio_basics; sourceTree = "<absolute>"; };
		767E9959D33E606407A62F10 /* IOKit.framework */ /* IOKit.framework */ = {isa = PBXFileReference; lastKnownFileType = wrapper.framework; name = IOKit.framework; path = System/Library/Frameworks/IOKit.framework; sourceTree = SDKROOT; };
		7A0CA48F79AD7CC8604FD9D1 /* PluginEditor.h */ /* PluginEditor.h */ = {isa = PBXFileReference; lastKnownFileType = sourcecode.c.h; name = PluginEditor.h; path = ../../Source/PluginEditor.h; sourceTree = SOURCE_ROOT; };
		7E3EB56A408136E3D3AC9C0C /* include_juce_audio_plugin_client_VST3.cpp */ /* include_juce_audio_plugin_client_VST3.cpp */ = {isa = PBXFileReference; lastKnownFileType = sourcecode.cpp.cpp; name = include_juce_audio_plugin_client_VST3.cpp; path = ../../JuceLibraryCode/include_juce_audio_plugin_client_VST3.cpp; sourceTree = SOURCE_ROOT; };
		837C3D8BE0A3E6434AB4FB09 /* juce_audio_utils */ /* juce_audio_utils */ = {isa = PBXFileReference; lastKnownFileType = folder; name = juce_audio_utils; path = /Users/NevetssteveN/Desktop/Development/JUCE/modules/juce_audio_utils; sourceTree = "<absolute>"; };
		8CB4B207CC17600534CD4E84 /* include_juce_audio_processors.mm */ /* include_juce_audio_processors.mm */ = {isa = PBXFileReference; lastKnownFileType = sourcecode.cpp.objcpp; name = include_juce_audio_processors.mm; path = ../../JuceLibraryCode/include_juce_audio_processors.mm; sourceTree = SOURCE_ROOT; };
		8DF6A76F1B5930C2639D29BA /* QuartzCore.framework */ /* QuartzCore.framework */ = {isa = PBXFileReference; lastKnownFileType = wrapper.framework; name = QuartzCore.framework; path = System/Library/Frameworks/QuartzCore.framework; sourceTree = SDKROOT; };
		8F36B4955717AFFB7F925F81 /* CoreAudio.framework */ /* CoreAudio.framework */ = {isa = PBXFileReference; lastKnownFileType = wrapper.framework; name = CoreAudio.framework; path = System/Library/Frameworks/CoreAudio.framework; sourceTree = SDKROOT; };
		931D73D468F85E8E07B08384 /* include_juce_data_structures.mm */ /* include_juce_data_structures.mm */ = {isa = PBXFileReference; lastKnownFileType = sourcecode.cpp.objcpp; name = include_juce_data_structures.mm; path = ../../JuceLibraryCode/include_juce_data_structures.mm; sourceTree = SOURCE_ROOT; };
		9634022DF462465FD125327F /* Scale.h */ /* Scale.h */ = {isa = PBXFileReference; lastKnownFileType = sourcecode.c.h; name = Scale.h; path = ../../Source/Scale.h; sourceTree = SOURCE_ROOT; };
		97FE49E623B329C4921A2BBB /* VST3 */ = {isa = PBXFileReference; explicitFileType = wrapper.cfbundle; includeInIndex = 0; path = MicroModulation.vst3; sourceTree = BUILT_PRODUCTS_DIR; };
		9ADC952BD764613BA4982F2A /* DiscRecording.framework */ /* DiscRecording.framework */ = {isa = PBXFileReference; lastKnownFileType = wrapper.framework; name = DiscRecording.framework; path = System/Library/Frameworks/DiscRecording.framework; sourceTree = SDKROOT; };
		9DE6CA14E3A3D55E10351D5B /* RecentFilesMenuTemplate.nib */ /* RecentFilesMenuTemplate.nib */ = {isa = PBXFileReference; lastKnownFileType = file.nib; name = RecentFilesMenuTemplate.nib; path = RecentFilesMenuTemplate.nib; sourceTree = SOURCE_ROOT; };
		A3017A61C1A0D2B374F2F42D /* WebKit.framework */ /* WebKit.framework */ = {isa = PBXFileReference; lastKnownFileType = wrapper.framework; name = WebKit.framework; path = System/Library/Frameworks/WebKit.framework; sourceTree = SDKROOT; };
		A51BC6C0231AAED92AB9B376 /* KeyboardMap.cpp */ /* KeyboardMap.cpp */ = {isa = PBXFileReference; lastKnownFileType = sourcecode.cpp.cpp; name = KeyboardMap.cpp; path = ../../Source/KeyboardMap.cpp; sourceTree = SOURCE_ROOT; };
		A7E88E8E51C3CABCDCFA2F3F /* AudioUnit.framework */ /* AudioUnit.framework */ = {isa = PBXFileReference; lastKnownFileType = wrapper.framework; name = AudioUnit.framework; path = System/Library/Frameworks/AudioUnit.framework; sourceTree = SDKROOT; };
		A909D985736DAF20974B6308 /* include_juce_gui_extra.mm */ /* include_juce_gui_extra.mm */ = {isa = PBXFileReference; lastKnownFileType = sourcecode.cpp.objcpp; name = include_juce_gui_extra.mm; path = ../../JuceLibraryCode/include_juce_gui_extra.mm; sourceTree = SOURCE_ROOT; };
		AA251A8BD4110AC02185DF16 /* include_juce_audio_formats.mm */ /* include_juce_audio_formats.mm */ = {isa = PBXFileReference; lastKnownFileType = sourcecode.cpp.objcpp; name = include_juce_audio_formats.mm; path = ../../JuceLibraryCode/include_juce_audio_formats.mm; sourceTree = SOURCE_ROOT; };
		AAC5E33705CF4E30FAA7248A /* Carbon.framework */ /* Carbon.framework */ = {isa = PBXFileReference; lastKnownFileType = wrapper.framework; name = Carbon.framework; path = System/Library/Frameworks/Carbon.framework; sourceTree = SDKROOT; };
		AD8F73FD6B32D3991DB47EE6 /* include_juce_graphics.mm */ /* include_juce_graphics.mm */ = {isa = PBXFileReference; lastKnownFileType = sourcecode.cpp.objcpp; name = include_juce_graphics.mm; path = ../../JuceLibraryCode/include_juce_graphics.mm; sourceTree = SOURCE_ROOT; };
		B281BC08B2C4D009CBA827A5 /* juce_core */ /* juce_core */ = {isa = PBXFileReference; lastKnownFileType = folder; name = juce_core; path = /Users/NevetssteveN/Desktop/Development/JUCE/modules/juce_core; sourceTree = "<absolute>"; };
		B46F7B20D84F71E3F86BA0FB /* juce_audio_plugin_client */ /* juce_audio_plugin_client */ = {isa = PBXFileReference; lastKnownFileType = folder; name = juce_audio_plugin_client; path = /Users/NevetssteveN/Desktop/Development/JUCE/modules/juce_audio_plugin_client; sourceTree = "<absolute>"; };
		B55508BD4D7F2F66B5E7BF00 /* include_juce_audio_plugin_client_VST_utils.mm */ /* include_juce_audio_plugin_client_VST_utils.mm */ = {isa = PBXFileReference; lastKnownFileType = sourcecode.cpp.objcpp; name = include_juce_audio_plugin_client_VST_utils.mm; path = ../../JuceLibraryCode/include_juce_audio_plugin_client_VST_utils.mm; sourceTree = SOURCE_ROOT; };
		B7DB2CD53C743BA7A2DCB141 /* juce_audio_formats */ /* juce_audio_formats */ = {isa = PBXFileReference; lastKnownFileType = folder; name = juce_audio_formats; path = /Users/NevetssteveN/Desktop/Development/JUCE/modules/juce_audio_formats; sourceTree = "<absolute>"; };
		BB9EB83E2C2063FD4F10F332 /* JucePluginDefines.h */ /* JucePluginDefines.h */ = {isa = PBXFileReference; lastKnownFileType = sourcecode.c.h; name = JucePluginDefines.h; path = ../../JuceLibraryCode/JucePluginDefines.h; sourceTree = SOURCE_ROOT; };
		BD4F9440FC404AD2154C0478 /* Standalone Plugin */ = {isa = PBXFileReference; explicitFileType = wrapper.application; includeInIndex = 0; path = MicroModulation.app; sourceTree = BUILT_PRODUCTS_DIR; };
		BEA1B0646E00B6615AD8DC48 /* AU */ = {isa = PBXFileReference; explicitFileType = wrapper.cfbundle; includeInIndex = 0; path = MicroModulation.component; sourceTree = BUILT_PRODUCTS_DIR; };
		C52EC38AEACA2FEB8EA53383 /* juce_events */ /* juce_events */ = {isa = PBXFileReference; lastKnownFileType = folder; name = juce_events; path = /Users/NevetssteveN/Desktop/Development/JUCE/modules/juce_events; sourceTree = "<absolute>"; };
		C6297FF973C12B138812D3BE /* KeyboardMap.h */ /* KeyboardMap.h */ = {isa = PBXFileReference; lastKnownFileType = sourcecode.c.h; name = KeyboardMap.h; path = ../../Source/KeyboardMap.h; sourceTree = SOURCE_ROOT; };
		CA27500CE954375EDC9819DB /* juce_gui_extra */ /* juce_gui_extra */ = {isa = PBXFileReference; lastKnownFileType = folder; name = juce_gui_extra; path = /Users/NevetssteveN/Desktop/Development/JUCE/modules/juce_gui_extra; sourceTree = "<absolute>"; };
		CBD4967352C3B3626B68CA39 /* Info-VST3.plist */ /* Info-VST3.plist */ = {isa = PBXFileReference; lastKnownFileType = text.plist.xml; name = "Info-VST3.plist"; path = "Info-VST3.plist"; sourceTree = SOURCE_ROOT; };
		CE547179FBCC4A659B21132C /* PluginProcessor.cpp */ /* PluginProcessor.cpp */ = {isa = PBXFileReference; lastKnownFileType = sourcecode.cpp.cpp; name = PluginProcessor.cpp; path = ../../Source/PluginProcessor.cpp; sourceTree = SOURCE_ROOT; };
		CFB4C08EA338D761EBDC06BB /* include_juce_core.mm */ /* include_juce_core.mm */ = {isa = PBXFileReference; lastKnownFileType = sourcecode.cpp.objcpp; name = include_juce_core.mm; path = ../../JuceLibraryCode/include_juce_core.mm; sourceTree = SOURCE_ROOT; };
		D439E0FE7A6D8CC83CF7CA54 /* juce_audio_devices */ /* juce_audio_devices */ = {isa = PBXFileReference; lastKnownFileType = folder; name = juce_audio_devices; path = /Users/NevetssteveN/Desktop/Development/JUCE/modules/juce_audio_devices; sourceTree = "<absolute>"; };
		D51E3452AA20A48EDFBFD6DC /* juce_data_structures */ /* juce_data_structures */ = {isa = PBXFileReference; lastKnownFileType = folder; name = juce_data_structures; path = /Users/NevetssteveN/Desktop/Development/JUCE/modules/juce_data_structures; sourceTree = "<absolute>"; };
		DEA5F363A787362B245481F2 /* include_juce_audio_devices.mm */ /* include_juce_audio_devices.mm */ = {isa = PBXFileReference; lastKnownFileType = sourcecode.cpp.objcpp; name = include_juce_audio_devices.mm; path = ../../JuceLibraryCode/include_juce_audio_devices.mm; sourceTree = SOURCE_ROOT; };
		E6EC2E8AFE2B05FA48BAEAB4 /* include_juce_gui_basics.mm */ /* include_juce_gui_basics.mm */ = {isa = PBXFileReference; lastKnownFileType = sourcecode.cpp.objcpp; name = include_juce_gui_basics.mm; path = ../../JuceLibraryCode/include_juce_gui_basics.mm; sourceTree = SOURCE_ROOT; };
		E9101ABDE86F01F27F0B555D /* Info-Standalone_Plugin.plist */ /* Info-Standalone_Plugin.plist */ = {isa = PBXFileReference; lastKnownFileType = text.plist.xml; name = "Info-Standalone_Plugin.plist"; path = "Info-Standalone_Plugin.plist"; sourceTree = SOURCE_ROOT; };
		F04725716B446AAD62A644D0 /* juce_gui_basics */ /* juce_gui_basics */ = {isa = PBXFileReference; lastKnownFileType = folder; name = juce_gui_basics; path = /Users/NevetssteveN/Desktop/Development/JUCE/modules/juce_gui_basics; sourceTree = "<absolute>"; };
		FEC91E7F9AAC17FE004748B5 /* include_juce_audio_plugin_client_AU_2.mm */ /* include_juce_audio_plugin_client_AU_2.mm */ = {isa = PBXFileReference; lastKnownFileType = sourcecode.cpp.objcpp; name = include_juce_audio_plugin_client_AU_2.mm; path = ../../JuceLibraryCode/include_juce_audio_plugin_client_AU_2.mm; sourceTree = SOURCE_ROOT; };
/* End PBXFileReference section */

/* Begin PBXFrameworksBuildPhase section */
		3F16EC33D04230E1EE4B412E = {
			isa = PBXFrameworksBuildPhase;
			buildActionMask = 2147483647;
			files = (
				4CCB10F16BD1FD1B4D7EC8A9,
				FBF2E27E6D565B23F7049028,
				6EA6203B48C10EFF0735065D,
				109EABF7F494FA15CB2A87FD,
				F2B9A8361AF81D3D024493B9,
				531C5F69115FFB4CCA050317,
				394F25B71E33A5F7BE8B277F,
				95CDDB1F13C46278B420BF0D,
				EA7FD96A6BD0B020B692850F,
				3AFCBC4992C9ADED4AB615B1,
				821464D7E22C7A1E98A51210,
				A04729E77049CE9AC5DCC8BA,
			);
			runOnlyForDeploymentPostprocessing = 0;
		};
		6798FC987F0136F907DE62B0 = {
			isa = PBXFrameworksBuildPhase;
			buildActionMask = 2147483647;
			files = (
				4CCB10F16BD1FD1B4D7EC8A9,
				FBF2E27E6D565B23F7049028,
				6EA6203B48C10EFF0735065D,
				109EABF7F494FA15CB2A87FD,
				F2B9A8361AF81D3D024493B9,
				531C5F69115FFB4CCA050317,
				394F25B71E33A5F7BE8B277F,
				95CDDB1F13C46278B420BF0D,
				EA7FD96A6BD0B020B692850F,
				3AFCBC4992C9ADED4AB615B1,
				821464D7E22C7A1E98A51210,
				A04729E77049CE9AC5DCC8BA,
			);
			runOnlyForDeploymentPostprocessing = 0;
		};
		D0CC81CC35B34DBDA2493603 = {
			isa = PBXFrameworksBuildPhase;
			buildActionMask = 2147483647;
			files = (
				CE7EED827A3814076F3A45F5,
				4CCB10F16BD1FD1B4D7EC8A9,
				FBF2E27E6D565B23F7049028,
				6EA6203B48C10EFF0735065D,
				109EABF7F494FA15CB2A87FD,
				F2B9A8361AF81D3D024493B9,
				531C5F69115FFB4CCA050317,
				394F25B71E33A5F7BE8B277F,
				95CDDB1F13C46278B420BF0D,
				EA7FD96A6BD0B020B692850F,
				3AFCBC4992C9ADED4AB615B1,
				821464D7E22C7A1E98A51210,
				A04729E77049CE9AC5DCC8BA,
			);
			runOnlyForDeploymentPostprocessing = 0;
		};
/* End PBXFrameworksBuildPhase section */

/* Begin PBXGroup section */
		01A1AA90CE68DCADFB2A7D35 /* MicroModulation */ = {
			isa = PBXGroup;
			children = (
				5EC0784A1E41526554C3A76B,
			);
			name = MicroModulation;
			sourceTree = "<group>";
		};
		2B9408EE91BE77A40196DD92 /* Resources */ = {
			isa = PBXGroup;
			children = (
				CBD4967352C3B3626B68CA39,
				4600F2DD759F738D72D0E2BC,
				E9101ABDE86F01F27F0B555D,
				9DE6CA14E3A3D55E10351D5B,
			);
			name = Resources;
			sourceTree = "<group>";
		};
		43B4B190C859B3E9D81D77CB /* Products */ = {
			isa = PBXGroup;
			children = (
				97FE49E623B329C4921A2BBB,
				BEA1B0646E00B6615AD8DC48,
				BD4F9440FC404AD2154C0478,
				2CD6120999B97E5C03BD85D2,
			);
			name = Products;
			sourceTree = "<group>";
		};
		52CCFA21EFBDCB1F4C181013 /* Frameworks */ = {
			isa = PBXGroup;
			children = (
				A7E88E8E51C3CABCDCFA2F3F,
				1F90394087BB4E0AC7F49CEA,
				357D4C444774AF6B2F9C85B6,
				AAC5E33705CF4E30FAA7248A,
				2D367E3971A31F38189531D8,
				8F36B4955717AFFB7F925F81,
				17D2F312F79F3491DEEB3F96,
				4A1E07DC88868C1DBBB9EBE4,
				9ADC952BD764613BA4982F2A,
				16B230029A5EEC8941D2AB58,
				767E9959D33E606407A62F10,
				8DF6A76F1B5930C2639D29BA,
				A3017A61C1A0D2B374F2F42D,
			);
			name = Frameworks;
			sourceTree = "<group>";
		};
		5EC0784A1E41526554C3A76B /* Source */ = {
			isa = PBXGroup;
			children = (
				37B21B9BD16316421FC9181A,
				51435C8E901803564DE5D6EA,
				6EFDF549C363881622D07EE9,
				9634022DF462465FD125327F,
				C6297FF973C12B138812D3BE,
				A51BC6C0231AAED92AB9B376,
				37E62C703C330013EAADDE26,
				7435C536E343E4CCE6980842,
				CE547179FBCC4A659B21132C,
				04A63ECB88B063162DEEAE14,
				4DFE13C5A751C035E24B0B9C,
				7A0CA48F79AD7CC8604FD9D1,
			);
			name = Source;
			sourceTree = "<group>";
		};
		6844B113CA45121BF42C05C2 /* Source */ = {
			isa = PBXGroup;
			children = (
				01A1AA90CE68DCADFB2A7D35,
				756EC9B2758C5102BBDE8E85,
				BC9A6CEC0D99E576ABF81C6C,
				2B9408EE91BE77A40196DD92,
				52CCFA21EFBDCB1F4C181013,
				43B4B190C859B3E9D81D77CB,
			);
			name = Source;
			sourceTree = "<group>";
		};
		756EC9B2758C5102BBDE8E85 /* JUCE Modules */ = {
			isa = PBXGroup;
			children = (
				752E92100527F58E47A8330F,
				D439E0FE7A6D8CC83CF7CA54,
				B7DB2CD53C743BA7A2DCB141,
				B46F7B20D84F71E3F86BA0FB,
				015AF7EA67F0B96461B6F07D,
				837C3D8BE0A3E6434AB4FB09,
				B281BC08B2C4D009CBA827A5,
				D51E3452AA20A48EDFBFD6DC,
				C52EC38AEACA2FEB8EA53383,
				378E2AA515B0A3670C86D469,
				F04725716B446AAD62A644D0,
				CA27500CE954375EDC9819DB,
			);
			name = "JUCE Modules";
			sourceTree = "<group>";
		};
		BC9A6CEC0D99E576ABF81C6C /* JUCE Library Code */ = {
			isa = PBXGroup;
			children = (
				1C2876EFF950CF4DE09DD125,
				DEA5F363A787362B245481F2,
				AA251A8BD4110AC02185DF16,
				50A932BC50AFFB7B953724F9,
				60E0B3EF5AF12E694C64F9B8,
				FEC91E7F9AAC17FE004748B5,
				64A2D5D928E0FE5E937662E6,
				712D1D343CDC923F151CA6BC,
				B55508BD4D7F2F66B5E7BF00,
				7E3EB56A408136E3D3AC9C0C,
				8CB4B207CC17600534CD4E84,
				5F35133FA7B30B9F6F3843A3,
				CFB4C08EA338D761EBDC06BB,
				931D73D468F85E8E07B08384,
				121708A93E5637E4D6525FA1,
				AD8F73FD6B32D3991DB47EE6,
				E6EC2E8AFE2B05FA48BAEAB4,
				A909D985736DAF20974B6308,
				6AD389C1A7EC82D381CBC671,
				BB9EB83E2C2063FD4F10F332,
			);
			name = "JUCE Library Code";
			sourceTree = "<group>";
		};
/* End PBXGroup section */

/* Begin PBXNativeTarget section */
		0B204425328F3E3BAC0AEF92 /* MicroModulation - Shared Code */ = {
			isa = PBXNativeTarget;
			buildConfigurationList = 016F1554E0EB394F5C005CB9;
			buildPhases = (
				DF7D07EC0165E14460EB6389,
			);
			buildRules = (
			);
			dependencies = (
			);
			name = "MicroModulation - Shared Code";
			productName = MicroModulation;
			productReference = 2CD6120999B97E5C03BD85D2;
			productType = "com.apple.product-type.library.static";
		};
		56E124531B51D8EBD41F6036 /* MicroModulation - Standalone Plugin */ = {
			isa = PBXNativeTarget;
			buildConfigurationList = 58F7B49B4CA3CCC5711E42E0;
			buildPhases = (
				82864B877C2D21FF76E8C427,
				CB3909E449AF44AF7F2A2850,
				6798FC987F0136F907DE62B0,
			);
			buildRules = (
			);
			dependencies = (
				CC11072B868EA6B4AD45DB86,
			);
			name = "MicroModulation - Standalone Plugin";
			productName = MicroModulation;
			productReference = BD4F9440FC404AD2154C0478;
			productType = "com.apple.product-type.application";
		};
		7AEB4A72DC68AED35154AAA9 /* MicroModulation - AU */ = {
			isa = PBXNativeTarget;
			buildConfigurationList = 3F06228D6FEB98ECF3D09352;
			buildPhases = (
				54F5115E28FB75D23CFFA754,
				58AE707B07FC321B3AB58CFA,
				801379980750C8C699254125,
				D0CC81CC35B34DBDA2493603,
			);
			buildRules = (
			);
			dependencies = (
				A261AFFD6678A50559ED2231,
			);
			name = "MicroModulation - AU";
			productName = MicroModulation;
			productReference = BEA1B0646E00B6615AD8DC48;
			productType = "com.apple.product-type.bundle";
		};
		8547ABE843EE8BC04D0A9A96 /* MicroModulation - VST3 */ = {
			isa = PBXNativeTarget;
			buildConfigurationList = F457F3FCC78AC10288CBDB80;
			buildPhases = (
				3DC78F3BDEFB3EBCEAEDC8B2,
				6B80A11514B8CC6F5D0B6367,
				3F16EC33D04230E1EE4B412E,
			);
			buildRules = (
			);
			dependencies = (
				1A86108F2E760C0728977B08,
			);
			name = "MicroModulation - VST3";
			productName = MicroModulation;
			productReference = 97FE49E623B329C4921A2BBB;
			productType = "com.apple.product-type.bundle";
		};
/* End PBXNativeTarget section */

/* Begin PBXProject section */
		4A793F1054488BF4139C32FA = {
			isa = PBXProject;
			attributes = {
				LastUpgradeCheck = 1240;
				ORGANIZATIONNAME = "";
				TargetAttributes = {
					01F476452D1563FF7370E62D = {
						SystemCapabilities = {
							com.apple.ApplicationGroups.iOS = {
								enabled = 0;
							};
							com.apple.HardenedRuntime = {
								enabled = 0;
							};
							com.apple.InAppPurchase = {
								enabled = 0;
							};
							com.apple.InterAppAudio = {
								enabled = 0;
							};
							com.apple.Push = {
								enabled = 0;
							};
							com.apple.Sandbox = {
								enabled = 0;
							};
						};
					};
					0B204425328F3E3BAC0AEF92 = {
						SystemCapabilities = {
							com.apple.ApplicationGroups.iOS = {
								enabled = 0;
							};
							com.apple.HardenedRuntime = {
								enabled = 0;
							};
							com.apple.InAppPurchase = {
								enabled = 0;
							};
							com.apple.InterAppAudio = {
								enabled = 0;
							};
							com.apple.Push = {
								enabled = 0;
							};
							com.apple.Sandbox = {
								enabled = 0;
							};
						};
					};
					56E124531B51D8EBD41F6036 = {
						SystemCapabilities = {
							com.apple.ApplicationGroups.iOS = {
								enabled = 0;
							};
							com.apple.HardenedRuntime = {
								enabled = 0;
							};
							com.apple.InAppPurchase = {
								enabled = 0;
							};
							com.apple.InterAppAudio = {
								enabled = 0;
							};
							com.apple.Push = {
								enabled = 0;
							};
							com.apple.Sandbox = {
								enabled = 0;
							};
						};
					};
					7AEB4A72DC68AED35154AAA9 = {
						SystemCapabilities = {
							com.apple.ApplicationGroups.iOS = {
								enabled = 0;
							};
							com.apple.HardenedRuntime = {
								enabled = 0;
							};
							com.apple.InAppPurchase = {
								enabled = 0;
							};
							com.apple.InterAppAudio = {
								enabled = 0;
							};
							com.apple.Push = {
								enabled = 0;
							};
							com.apple.Sandbox = {
								enabled = 0;
							};
						};
					};
					8547ABE843EE8BC04D0A9A96 = {
						SystemCapabilities = {
							com.apple.ApplicationGroups.iOS = {
								enabled = 0;
							};
							com.apple.HardenedRuntime = {
								enabled = 0;
							};
							com.apple.InAppPurchase = {
								enabled = 0;
							};
							com.apple.InterAppAudio = {
								enabled = 0;
							};
							com.apple.Push = {
								enabled = 0;
							};
							com.apple.Sandbox = {
								enabled = 0;
							};
						};
					};
				};
			};
			buildConfigurationList = 70F6EFF52C91ABE7478413B2;
			compatibilityVersion = "Xcode 3.2";
			hasScannedForEncodings = 0;
			knownRegions = (
				en,
				Base,
			);
			mainGroup = 6844B113CA45121BF42C05C2;
			projectDirPath = "";
			projectRoot = "";
			targets = (
				01F476452D1563FF7370E62D,
				8547ABE843EE8BC04D0A9A96,
				7AEB4A72DC68AED35154AAA9,
				56E124531B51D8EBD41F6036,
				0B204425328F3E3BAC0AEF92,
			);
		};
/* End PBXProject section */

/* Begin PBXResourcesBuildPhase section */
		3DC78F3BDEFB3EBCEAEDC8B2 = {
			isa = PBXResourcesBuildPhase;
			buildActionMask = 2147483647;
			files = (
				6E5BEFEC155674A3D256A0D9,
			);
			runOnlyForDeploymentPostprocessing = 0;
		};
		54F5115E28FB75D23CFFA754 = {
			isa = PBXResourcesBuildPhase;
			buildActionMask = 2147483647;
			files = (
				6E5BEFEC155674A3D256A0D9,
			);
			runOnlyForDeploymentPostprocessing = 0;
		};
		82864B877C2D21FF76E8C427 = {
			isa = PBXResourcesBuildPhase;
			buildActionMask = 2147483647;
			files = (
				6E5BEFEC155674A3D256A0D9,
			);
			runOnlyForDeploymentPostprocessing = 0;
		};
/* End PBXResourcesBuildPhase section */

/* Begin PBXRezBuildPhase section */
		58AE707B07FC321B3AB58CFA = {
			isa = PBXRezBuildPhase;
			buildActionMask = 2147483647;
			files = (
				A7B86CBCAC1ADFC9168F9946,
			);
			runOnlyForDeploymentPostprocessing = 0;
		};
/* End PBXRezBuildPhase section */

/* Begin PBXSourcesBuildPhase section */
		6B80A11514B8CC6F5D0B6367 = {
			isa = PBXSourcesBuildPhase;
			buildActionMask = 2147483647;
			files = (
				2E048E526F47A259DED0E364,
			);
			runOnlyForDeploymentPostprocessing = 0;
		};
		801379980750C8C699254125 = {
			isa = PBXSourcesBuildPhase;
			buildActionMask = 2147483647;
			files = (
				61551B0DA5966C99FA0151FA,
				2D12A43E3118BA63C8378640,
			);
			runOnlyForDeploymentPostprocessing = 0;
		};
		CB3909E449AF44AF7F2A2850 = {
			isa = PBXSourcesBuildPhase;
			buildActionMask = 2147483647;
			files = (
				3C3D3BF020589965F98EC90D,
			);
			runOnlyForDeploymentPostprocessing = 0;
		};
		DF7D07EC0165E14460EB6389 = {
			isa = PBXSourcesBuildPhase;
			buildActionMask = 2147483647;
			files = (
				287103BF404E6F71688154D6,
				EC00DDC1F03C7426F9C22140,
				CB847DF3CC746D458F0313F9,
				236EF618140561DAA073A0BA,
				083668C03522B18E93F18CFC,
				DB408B8CA4B9F6792DEC7E3E,
				3B3CA4491AE1EA0B007566D5,
				717CEFA61AE42CE134385F7F,
				2FF8BD41EBA54FFE83698B5F,
				2F77B77E7325F709F025D863,
				8E0F08B244DDF717A9D2FE5A,
				B00EEDCB3053AC9C64F331D4,
				9A34D42231B864A14E80949A,
				D4642F3C8463C8B2079AAFD8,
				46450FA5B0E4F289D72C94F6,
				43C4DD6707EF9E716B22A50B,
				5FFBCF88DF7F96814B0B4B40,
			);
			runOnlyForDeploymentPostprocessing = 0;
		};
/* End PBXSourcesBuildPhase section */

/* Begin PBXTargetDependency section */
		14879F3EB0760E1A37457BE2 = {
			isa = PBXTargetDependency;
			target = 8547ABE843EE8BC04D0A9A96;
		};
		1A86108F2E760C0728977B08 = {
			isa = PBXTargetDependency;
			target = 0B204425328F3E3BAC0AEF92;
		};
		44FE5230314D2698F9C5275F = {
			isa = PBXTargetDependency;
			target = 56E124531B51D8EBD41F6036;
		};
		7B18699D877B284077400C01 = {
			isa = PBXTargetDependency;
			target = 0B204425328F3E3BAC0AEF92;
		};
		A261AFFD6678A50559ED2231 = {
			isa = PBXTargetDependency;
			target = 0B204425328F3E3BAC0AEF92;
		};
		A552222F4C389591253804E6 = {
			isa = PBXTargetDependency;
			target = 7AEB4A72DC68AED35154AAA9;
		};
		CC11072B868EA6B4AD45DB86 = {
			isa = PBXTargetDependency;
			target = 0B204425328F3E3BAC0AEF92;
		};
/* End PBXTargetDependency section */

/* Begin XCBuildConfiguration section */
		01BBC74C05D1A02BC0341B66 /* Release */ = {
			isa = XCBuildConfiguration;
			buildSettings = {
				CLANG_CXX_LANGUAGE_STANDARD = "c++14";
				CLANG_CXX_LIBRARY = "libc++";
				CLANG_LINK_OBJC_RUNTIME = NO;
				CODE_SIGN_IDENTITY = "";
				COMBINE_HIDPI_IMAGES = YES;
				CONFIGURATION_BUILD_DIR = "$(PROJECT_DIR)/build/$(CONFIGURATION)";
				DEAD_CODE_STRIPPING = YES;
				GCC_GENERATE_DEBUGGING_SYMBOLS = NO;
				GCC_OPTIMIZATION_LEVEL = 3;
				GCC_PREPROCESSOR_DEFINITIONS = (
					"_NDEBUG=1",
					"NDEBUG=1",
					"JUCE_DISPLAY_SPLASH_SCREEN=1",
					"JUCE_USE_DARK_SPLASH_SCREEN=1",
					"JUCE_PROJUCER_VERSION=0x60008",
					"JUCE_MODULE_AVAILABLE_juce_audio_basics=1",
					"JUCE_MODULE_AVAILABLE_juce_audio_devices=1",
					"JUCE_MODULE_AVAILABLE_juce_audio_formats=1",
					"JUCE_MODULE_AVAILABLE_juce_audio_plugin_client=1",
					"JUCE_MODULE_AVAILABLE_juce_audio_processors=1",
					"JUCE_MODULE_AVAILABLE_juce_audio_utils=1",
					"JUCE_MODULE_AVAILABLE_juce_core=1",
					"JUCE_MODULE_AVAILABLE_juce_data_structures=1",
					"JUCE_MODULE_AVAILABLE_juce_events=1",
					"JUCE_MODULE_AVAILABLE_juce_graphics=1",
					"JUCE_MODULE_AVAILABLE_juce_gui_basics=1",
					"JUCE_MODULE_AVAILABLE_juce_gui_extra=1",
					"JUCE_GLOBAL_MODULE_SETTINGS_INCLUDED=1",
					"JUCE_VST3_CAN_REPLACE_VST2=0",
					"JUCE_STRICT_REFCOUNTEDPOINTER=1",
					"JucePlugin_Build_VST=0",
					"JucePlugin_Build_VST3=0",
					"JucePlugin_Build_AU=0",
					"JucePlugin_Build_AUv3=0",
					"JucePlugin_Build_RTAS=0",
					"JucePlugin_Build_AAX=0",
					"JucePlugin_Build_Standalone=1",
					"JucePlugin_Build_Unity=0",
					"JucePlugin_Enable_IAA=0",
					"JucePlugin_Name=\\\"MicroModulation\\\"",
					"JucePlugin_Desc=\\\"MicroModulation\\\"",
					"JucePlugin_Manufacturer=\\\"yourcompany\\\"",
					"JucePlugin_ManufacturerWebsite=\\\"\\\"",
					"JucePlugin_ManufacturerEmail=\\\"\\\"",
					"JucePlugin_ManufacturerCode=0x4d616e75",
					"JucePlugin_PluginCode=0x4866716b",
					"JucePlugin_IsSynth=0",
					"JucePlugin_WantsMidiInput=1",
					"JucePlugin_ProducesMidiOutput=1",
					"JucePlugin_IsMidiEffect=0",
					"JucePlugin_EditorRequiresKeyboardFocus=0",
					"JucePlugin_Version=1.0.0",
					"JucePlugin_VersionCode=0x10000",
					"JucePlugin_VersionString=\\\"1.0.0\\\"",
					"JucePlugin_VSTUniqueID=JucePlugin_PluginCode",
					"JucePlugin_VSTCategory=kPlugCategEffect",
					"JucePlugin_Vst3Category=\\\"Fx\\\"",
					"JucePlugin_AUMainType='aumf'",
					"JucePlugin_AUSubType=JucePlugin_PluginCode",
					"JucePlugin_AUExportPrefix=MicroModulationAU",
					"JucePlugin_AUExportPrefixQuoted=\\\"MicroModulationAU\\\"",
					"JucePlugin_AUManufacturerCode=JucePlugin_ManufacturerCode",
					"JucePlugin_CFBundleIdentifier=com.yourcompany.MicroModulation",
					"JucePlugin_RTASCategory=0",
					"JucePlugin_RTASManufacturerCode=JucePlugin_ManufacturerCode",
					"JucePlugin_RTASProductId=JucePlugin_PluginCode",
					"JucePlugin_RTASDisableBypass=0",
					"JucePlugin_RTASDisableMultiMono=0",
					"JucePlugin_AAXIdentifier=com.yourcompany.MicroModulation",
					"JucePlugin_AAXManufacturerCode=JucePlugin_ManufacturerCode",
					"JucePlugin_AAXProductId=JucePlugin_PluginCode",
					"JucePlugin_AAXCategory=0",
					"JucePlugin_AAXDisableBypass=0",
					"JucePlugin_AAXDisableMultiMono=0",
					"JucePlugin_IAAType=0x6175726d",
					"JucePlugin_IAASubType=JucePlugin_PluginCode",
					"JucePlugin_IAAName=\\\"yourcompany:\\ MicroModulation\\\"",
					"JucePlugin_VSTNumMidiInputs=16",
					"JucePlugin_VSTNumMidiOutputs=16",
					"JUCE_STANDALONE_APPLICATION=JucePlugin_Build_Standalone",
					"JUCER_XCODE_MAC_F6D2F4CF=1",
					"JUCE_APP_VERSION=1.0.0",
					"JUCE_APP_VERSION_HEX=0x10000",
				);
				GCC_VERSION = com.apple.compilers.llvm.clang.1_0;
				HEADER_SEARCH_PATHS = (
					"/Users/NevetssteveN/Desktop/Development/JUCE/modules/juce_audio_processors/format_types/VST3_SDK",
					"/Users/NevetssteveN/Desktop/Development/SDK/VST_SDK",
					"$(SRCROOT)/../../JuceLibraryCode",
					"/Users/NevetssteveN/Desktop/Development/JUCE/modules",
					"/Users/NevetssteveN/Desktop/Development/JUCE/modules/juce_audio_plugin_client",
					"$(inherited)",
				);
				INFOPLIST_FILE = Info-Standalone_Plugin.plist;
				INFOPLIST_PREPROCESS = NO;
				LLVM_LTO = YES;
				MACOSX_DEPLOYMENT_TARGET = 10.11;
				MTL_HEADER_SEARCH_PATHS = "/Users/NevetssteveN/Desktop/Development/JUCE/modules/juce_audio_processors/format_types/VST3_SDK /Users/NevetssteveN/Desktop/Development/SDK/VST_SDK $(SRCROOT)/../../JuceLibraryCode /Users/NevetssteveN/Desktop/Development/JUCE/modules /Users/NevetssteveN/Desktop/Development/JUCE/modules/juce_audio_plugin_client";
				OTHER_LDFLAGS = "-lMicroModulation";
				PRODUCT_BUNDLE_IDENTIFIER = com.yourcompany.MicroModulation;
				PRODUCT_NAME = "MicroModulation";
				USE_HEADERMAP = NO;
				VALID_ARCHS = "i386 x86_64 arm64 arm64e";
			};
			name = Release;
		};
		0D81C199C969C41FF9C2AEAB /* Release */ = {
			isa = XCBuildConfiguration;
			buildSettings = {
				ALWAYS_SEARCH_USER_PATHS = NO;
				CLANG_ENABLE_OBJC_WEAK = YES;
				CLANG_WARN_BLOCK_CAPTURE_AUTORELEASING = YES;
				CLANG_WARN_BOOL_CONVERSION = YES;
				CLANG_WARN_COMMA = YES;
				CLANG_WARN_CONSTANT_CONVERSION = YES;
				CLANG_WARN_DEPRECATED_OBJC_IMPLEMENTATIONS = YES;
				CLANG_WARN_EMPTY_BODY = YES;
				CLANG_WARN_ENUM_CONVERSION = YES;
				CLANG_WARN_INFINITE_RECURSION = YES;
				CLANG_WARN_INT_CONVERSION = YES;
				CLANG_WARN_NON_LITERAL_NULL_CONVERSION = YES;
				CLANG_WARN_OBJC_IMPLICIT_RETAIN_SELF = YES;
				CLANG_WARN_OBJC_LITERAL_CONVERSION = YES;
				CLANG_WARN_RANGE_LOOP_ANALYSIS = YES;
				CLANG_WARN_STRICT_PROTOTYPES = YES;
				CLANG_WARN_SUSPICIOUS_MOVE = YES;
				CLANG_WARN_UNREACHABLE_CODE = YES;
				CLANG_WARN__DUPLICATE_METHOD_MATCH = YES;
				CODE_SIGN_IDENTITY = "";
				DEBUG_INFORMATION_FORMAT = dwarf;
				ENABLE_STRICT_OBJC_MSGSEND = YES;
				ENABLE_TESTABILITY = NO;
				GCC_C_LANGUAGE_STANDARD = c11;
				GCC_INLINES_ARE_PRIVATE_EXTERN = YES;
				GCC_MODEL_TUNING = G5;
				GCC_NO_COMMON_BLOCKS = YES;
				GCC_SYMBOLS_PRIVATE_EXTERN = YES;
				GCC_WARN_64_TO_32_BIT_CONVERSION = YES;
				GCC_WARN_ABOUT_RETURN_TYPE = YES;
				GCC_WARN_CHECK_SWITCH_STATEMENTS = YES;
				GCC_WARN_MISSING_PARENTHESES = YES;
				GCC_WARN_NON_VIRTUAL_DESTRUCTOR = YES;
				GCC_WARN_TYPECHECK_CALLS_TO_PRINTF = YES;
				GCC_WARN_UNDECLARED_SELECTOR = YES;
				GCC_WARN_UNINITIALIZED_AUTOS = YES;
				GCC_WARN_UNUSED_FUNCTION = YES;
				GCC_WARN_UNUSED_VARIABLE = YES;
				PRODUCT_NAME = "MicroModulation";
				SDKROOT = macosx;
				WARNING_CFLAGS = "-Wreorder";
				ZERO_LINK = NO;
			};
			name = Release;
		};
		0FB5B31F9F5DEC97F6477E67 /* Debug */ = {
			isa = XCBuildConfiguration;
			buildSettings = {
				CLANG_CXX_LANGUAGE_STANDARD = "c++14";
				CLANG_CXX_LIBRARY = "libc++";
				CLANG_LINK_OBJC_RUNTIME = NO;
				CODE_SIGN_IDENTITY = "";
				COMBINE_HIDPI_IMAGES = YES;
				CONFIGURATION_BUILD_DIR = "$(PROJECT_DIR)/build/$(CONFIGURATION)";
				COPY_PHASE_STRIP = NO;
				GCC_DYNAMIC_NO_PIC = NO;
				GCC_OPTIMIZATION_LEVEL = 0;
				GCC_PREPROCESSOR_DEFINITIONS = (
					"_DEBUG=1",
					"DEBUG=1",
					"JUCE_DISPLAY_SPLASH_SCREEN=1",
					"JUCE_USE_DARK_SPLASH_SCREEN=1",
					"JUCE_PROJUCER_VERSION=0x60008",
					"JUCE_MODULE_AVAILABLE_juce_audio_basics=1",
					"JUCE_MODULE_AVAILABLE_juce_audio_devices=1",
					"JUCE_MODULE_AVAILABLE_juce_audio_formats=1",
					"JUCE_MODULE_AVAILABLE_juce_audio_plugin_client=1",
					"JUCE_MODULE_AVAILABLE_juce_audio_processors=1",
					"JUCE_MODULE_AVAILABLE_juce_audio_utils=1",
					"JUCE_MODULE_AVAILABLE_juce_core=1",
					"JUCE_MODULE_AVAILABLE_juce_data_structures=1",
					"JUCE_MODULE_AVAILABLE_juce_events=1",
					"JUCE_MODULE_AVAILABLE_juce_graphics=1",
					"JUCE_MODULE_AVAILABLE_juce_gui_basics=1",
					"JUCE_MODULE_AVAILABLE_juce_gui_extra=1",
					"JUCE_GLOBAL_MODULE_SETTINGS_INCLUDED=1",
					"JUCE_VST3_CAN_REPLACE_VST2=0",
					"JUCE_STRICT_REFCOUNTEDPOINTER=1",
					"JucePlugin_Build_VST=0",
					"JucePlugin_Build_VST3=1",
					"JucePlugin_Build_AU=1",
					"JucePlugin_Build_AUv3=0",
					"JucePlugin_Build_RTAS=0",
					"JucePlugin_Build_AAX=0",
					"JucePlugin_Build_Standalone=1",
					"JucePlugin_Build_Unity=0",
					"JucePlugin_Enable_IAA=0",
					"JucePlugin_Name=\\\"MicroModulation\\\"",
					"JucePlugin_Desc=\\\"MicroModulation\\\"",
					"JucePlugin_Manufacturer=\\\"yourcompany\\\"",
					"JucePlugin_ManufacturerWebsite=\\\"\\\"",
					"JucePlugin_ManufacturerEmail=\\\"\\\"",
					"JucePlugin_ManufacturerCode=0x4d616e75",
					"JucePlugin_PluginCode=0x4866716b",
					"JucePlugin_IsSynth=0",
					"JucePlugin_WantsMidiInput=1",
					"JucePlugin_ProducesMidiOutput=1",
					"JucePlugin_IsMidiEffect=0",
					"JucePlugin_EditorRequiresKeyboardFocus=0",
					"JucePlugin_Version=1.0.0",
					"JucePlugin_VersionCode=0x10000",
					"JucePlugin_VersionString=\\\"1.0.0\\\"",
					"JucePlugin_VSTUniqueID=JucePlugin_PluginCode",
					"JucePlugin_VSTCategory=kPlugCategEffect",
					"JucePlugin_Vst3Category=\\\"Fx\\\"",
					"JucePlugin_AUMainType='aumf'",
					"JucePlugin_AUSubType=JucePlugin_PluginCode",
					"JucePlugin_AUExportPrefix=MicroModulationAU",
					"JucePlugin_AUExportPrefixQuoted=\\\"MicroModulationAU\\\"",
					"JucePlugin_AUManufacturerCode=JucePlugin_ManufacturerCode",
					"JucePlugin_CFBundleIdentifier=com.yourcompany.MicroModulation",
					"JucePlugin_RTASCategory=0",
					"JucePlugin_RTASManufacturerCode=JucePlugin_ManufacturerCode",
					"JucePlugin_RTASProductId=JucePlugin_PluginCode",
					"JucePlugin_RTASDisableBypass=0",
					"JucePlugin_RTASDisableMultiMono=0",
					"JucePlugin_AAXIdentifier=com.yourcompany.MicroModulation",
					"JucePlugin_AAXManufacturerCode=JucePlugin_ManufacturerCode",
					"JucePlugin_AAXProductId=JucePlugin_PluginCode",
					"JucePlugin_AAXCategory=0",
					"JucePlugin_AAXDisableBypass=0",
					"JucePlugin_AAXDisableMultiMono=0",
					"JucePlugin_IAAType=0x6175726d",
					"JucePlugin_IAASubType=JucePlugin_PluginCode",
					"JucePlugin_IAAName=\\\"yourcompany:\\ MicroModulation\\\"",
					"JucePlugin_VSTNumMidiInputs=16",
					"JucePlugin_VSTNumMidiOutputs=16",
					"JUCE_STANDALONE_APPLICATION=JucePlugin_Build_Standalone",
					"JUCER_XCODE_MAC_F6D2F4CF=1",
					"JUCE_APP_VERSION=1.0.0",
					"JUCE_APP_VERSION_HEX=0x10000",
					"JUCE_SHARED_CODE=1",
				);
				GCC_VERSION = com.apple.compilers.llvm.clang.1_0;
				HEADER_SEARCH_PATHS = (
					"/Users/NevetssteveN/Desktop/Development/JUCE/modules/juce_audio_processors/format_types/VST3_SDK",
					"/Users/NevetssteveN/Desktop/Development/SDK/VST_SDK",
					"$(SRCROOT)/../../JuceLibraryCode",
					"/Users/NevetssteveN/Desktop/Development/JUCE/modules",
					"/Users/NevetssteveN/Desktop/Development/JUCE/modules/juce_audio_plugin_client",
					"$(inherited)",
				);
				INSTALL_PATH = "@executable_path/../Frameworks";
				MACOSX_DEPLOYMENT_TARGET = 10.11;
				MTL_HEADER_SEARCH_PATHS = "/Users/NevetssteveN/Desktop/Development/JUCE/modules/juce_audio_processors/format_types/VST3_SDK /Users/NevetssteveN/Desktop/Development/SDK/VST_SDK $(SRCROOT)/../../JuceLibraryCode /Users/NevetssteveN/Desktop/Development/JUCE/modules /Users/NevetssteveN/Desktop/Development/JUCE/modules/juce_audio_plugin_client";
				PRODUCT_BUNDLE_IDENTIFIER = com.yourcompany.MicroModulation;
				PRODUCT_NAME = "MicroModulation";
				SKIP_INSTALL = YES;
				USE_HEADERMAP = NO;
				VALID_ARCHS = "i386 x86_64 arm64 arm64e";
			};
			name = Debug;
		};
		35F260E23A7A99B6F2D867AC /* Release */ = {
			isa = XCBuildConfiguration;
			buildSettings = {
				CLANG_CXX_LANGUAGE_STANDARD = "c++14";
				CLANG_CXX_LIBRARY = "libc++";
				CLANG_LINK_OBJC_RUNTIME = NO;
				CODE_SIGN_IDENTITY = "";
				COMBINE_HIDPI_IMAGES = YES;
				CONFIGURATION_BUILD_DIR = "$(PROJECT_DIR)/build/$(CONFIGURATION)";
				DEAD_CODE_STRIPPING = YES;
				DEPLOYMENT_LOCATION = YES;
				DSTROOT = /;
				GCC_GENERATE_DEBUGGING_SYMBOLS = NO;
				GCC_OPTIMIZATION_LEVEL = 3;
				GCC_PREPROCESSOR_DEFINITIONS = (
					"_NDEBUG=1",
					"NDEBUG=1",
					"JUCE_DISPLAY_SPLASH_SCREEN=1",
					"JUCE_USE_DARK_SPLASH_SCREEN=1",
					"JUCE_PROJUCER_VERSION=0x60008",
					"JUCE_MODULE_AVAILABLE_juce_audio_basics=1",
					"JUCE_MODULE_AVAILABLE_juce_audio_devices=1",
					"JUCE_MODULE_AVAILABLE_juce_audio_formats=1",
					"JUCE_MODULE_AVAILABLE_juce_audio_plugin_client=1",
					"JUCE_MODULE_AVAILABLE_juce_audio_processors=1",
					"JUCE_MODULE_AVAILABLE_juce_audio_utils=1",
					"JUCE_MODULE_AVAILABLE_juce_core=1",
					"JUCE_MODULE_AVAILABLE_juce_data_structures=1",
					"JUCE_MODULE_AVAILABLE_juce_events=1",
					"JUCE_MODULE_AVAILABLE_juce_graphics=1",
					"JUCE_MODULE_AVAILABLE_juce_gui_basics=1",
					"JUCE_MODULE_AVAILABLE_juce_gui_extra=1",
					"JUCE_GLOBAL_MODULE_SETTINGS_INCLUDED=1",
					"JUCE_VST3_CAN_REPLACE_VST2=0",
					"JUCE_STRICT_REFCOUNTEDPOINTER=1",
					"JucePlugin_Build_VST=0",
					"JucePlugin_Build_VST3=1",
					"JucePlugin_Build_AU=0",
					"JucePlugin_Build_AUv3=0",
					"JucePlugin_Build_RTAS=0",
					"JucePlugin_Build_AAX=0",
					"JucePlugin_Build_Standalone=0",
					"JucePlugin_Build_Unity=0",
					"JucePlugin_Enable_IAA=0",
					"JucePlugin_Name=\\\"MicroModulation\\\"",
					"JucePlugin_Desc=\\\"MicroModulation\\\"",
					"JucePlugin_Manufacturer=\\\"yourcompany\\\"",
					"JucePlugin_ManufacturerWebsite=\\\"\\\"",
					"JucePlugin_ManufacturerEmail=\\\"\\\"",
					"JucePlugin_ManufacturerCode=0x4d616e75",
					"JucePlugin_PluginCode=0x4866716b",
					"JucePlugin_IsSynth=0",
					"JucePlugin_WantsMidiInput=1",
					"JucePlugin_ProducesMidiOutput=1",
					"JucePlugin_IsMidiEffect=0",
					"JucePlugin_EditorRequiresKeyboardFocus=0",
					"JucePlugin_Version=1.0.0",
					"JucePlugin_VersionCode=0x10000",
					"JucePlugin_VersionString=\\\"1.0.0\\\"",
					"JucePlugin_VSTUniqueID=JucePlugin_PluginCode",
					"JucePlugin_VSTCategory=kPlugCategEffect",
					"JucePlugin_Vst3Category=\\\"Fx\\\"",
					"JucePlugin_AUMainType='aumf'",
					"JucePlugin_AUSubType=JucePlugin_PluginCode",
					"JucePlugin_AUExportPrefix=MicroModulationAU",
					"JucePlugin_AUExportPrefixQuoted=\\\"MicroModulationAU\\\"",
					"JucePlugin_AUManufacturerCode=JucePlugin_ManufacturerCode",
					"JucePlugin_CFBundleIdentifier=com.yourcompany.MicroModulation",
					"JucePlugin_RTASCategory=0",
					"JucePlugin_RTASManufacturerCode=JucePlugin_ManufacturerCode",
					"JucePlugin_RTASProductId=JucePlugin_PluginCode",
					"JucePlugin_RTASDisableBypass=0",
					"JucePlugin_RTASDisableMultiMono=0",
					"JucePlugin_AAXIdentifier=com.yourcompany.MicroModulation",
					"JucePlugin_AAXManufacturerCode=JucePlugin_ManufacturerCode",
					"JucePlugin_AAXProductId=JucePlugin_PluginCode",
					"JucePlugin_AAXCategory=0",
					"JucePlugin_AAXDisableBypass=0",
					"JucePlugin_AAXDisableMultiMono=0",
					"JucePlugin_IAAType=0x6175726d",
					"JucePlugin_IAASubType=JucePlugin_PluginCode",
					"JucePlugin_IAAName=\\\"yourcompany:\\ MicroModulation\\\"",
					"JucePlugin_VSTNumMidiInputs=16",
					"JucePlugin_VSTNumMidiOutputs=16",
					"JUCE_STANDALONE_APPLICATION=JucePlugin_Build_Standalone",
					"JUCER_XCODE_MAC_F6D2F4CF=1",
					"JUCE_APP_VERSION=1.0.0",
					"JUCE_APP_VERSION_HEX=0x10000",
				);
				GCC_VERSION = com.apple.compilers.llvm.clang.1_0;
				GENERATE_PKGINFO_FILE = YES;
				HEADER_SEARCH_PATHS = (
					"/Users/NevetssteveN/Desktop/Development/JUCE/modules/juce_audio_processors/format_types/VST3_SDK",
					"/Users/NevetssteveN/Desktop/Development/SDK/VST_SDK",
					"$(SRCROOT)/../../JuceLibraryCode",
					"/Users/NevetssteveN/Desktop/Development/JUCE/modules",
					"/Users/NevetssteveN/Desktop/Development/JUCE/modules/juce_audio_plugin_client",
					"$(inherited)",
				);
				INFOPLIST_FILE = Info-VST3.plist;
				INFOPLIST_PREPROCESS = NO;
				INSTALL_PATH = "$(HOME)/Library/Audio/Plug-Ins/VST3/";
				LIBRARY_STYLE = Bundle;
				LLVM_LTO = YES;
				MACOSX_DEPLOYMENT_TARGET = 10.11;
				MTL_HEADER_SEARCH_PATHS = "/Users/NevetssteveN/Desktop/Development/JUCE/modules/juce_audio_processors/format_types/VST3_SDK /Users/NevetssteveN/Desktop/Development/SDK/VST_SDK $(SRCROOT)/../../JuceLibraryCode /Users/NevetssteveN/Desktop/Development/JUCE/modules /Users/NevetssteveN/Desktop/Development/JUCE/modules/juce_audio_plugin_client";
				OTHER_LDFLAGS = "-bundle -lMicroModulation";
				PRODUCT_BUNDLE_IDENTIFIER = com.yourcompany.MicroModulation;
				PRODUCT_NAME = "MicroModulation";
				USE_HEADERMAP = NO;
				VALID_ARCHS = "i386 x86_64 arm64 arm64e";
				WRAPPER_EXTENSION = vst3;
			};
			name = Release;
		};
		3D9F5713CAFAB4B06ABC548C /* Release */ = {
			isa = XCBuildConfiguration;
			buildSettings = {
				CLANG_CXX_LANGUAGE_STANDARD = "c++14";
				CLANG_CXX_LIBRARY = "libc++";
				CLANG_LINK_OBJC_RUNTIME = NO;
				CODE_SIGN_IDENTITY = "";
				COMBINE_HIDPI_IMAGES = YES;
				CONFIGURATION_BUILD_DIR = "$(PROJECT_DIR)/build/$(CONFIGURATION)";
				DEAD_CODE_STRIPPING = YES;
				DEPLOYMENT_LOCATION = YES;
				DSTROOT = /;
				GCC_GENERATE_DEBUGGING_SYMBOLS = NO;
				GCC_OPTIMIZATION_LEVEL = 3;
				GCC_PREPROCESSOR_DEFINITIONS = (
					"_NDEBUG=1",
					"NDEBUG=1",
					"JUCE_DISPLAY_SPLASH_SCREEN=1",
					"JUCE_USE_DARK_SPLASH_SCREEN=1",
					"JUCE_PROJUCER_VERSION=0x60008",
					"JUCE_MODULE_AVAILABLE_juce_audio_basics=1",
					"JUCE_MODULE_AVAILABLE_juce_audio_devices=1",
					"JUCE_MODULE_AVAILABLE_juce_audio_formats=1",
					"JUCE_MODULE_AVAILABLE_juce_audio_plugin_client=1",
					"JUCE_MODULE_AVAILABLE_juce_audio_processors=1",
					"JUCE_MODULE_AVAILABLE_juce_audio_utils=1",
					"JUCE_MODULE_AVAILABLE_juce_core=1",
					"JUCE_MODULE_AVAILABLE_juce_data_structures=1",
					"JUCE_MODULE_AVAILABLE_juce_events=1",
					"JUCE_MODULE_AVAILABLE_juce_graphics=1",
					"JUCE_MODULE_AVAILABLE_juce_gui_basics=1",
					"JUCE_MODULE_AVAILABLE_juce_gui_extra=1",
					"JUCE_GLOBAL_MODULE_SETTINGS_INCLUDED=1",
					"JUCE_VST3_CAN_REPLACE_VST2=0",
					"JUCE_STRICT_REFCOUNTEDPOINTER=1",
					"JucePlugin_Build_VST=0",
					"JucePlugin_Build_VST3=0",
					"JucePlugin_Build_AU=1",
					"JucePlugin_Build_AUv3=0",
					"JucePlugin_Build_RTAS=0",
					"JucePlugin_Build_AAX=0",
					"JucePlugin_Build_Standalone=0",
					"JucePlugin_Build_Unity=0",
					"JucePlugin_Enable_IAA=0",
					"JucePlugin_Name=\\\"MicroModulation\\\"",
					"JucePlugin_Desc=\\\"MicroModulation\\\"",
					"JucePlugin_Manufacturer=\\\"yourcompany\\\"",
					"JucePlugin_ManufacturerWebsite=\\\"\\\"",
					"JucePlugin_ManufacturerEmail=\\\"\\\"",
					"JucePlugin_ManufacturerCode=0x4d616e75",
					"JucePlugin_PluginCode=0x4866716b",
					"JucePlugin_IsSynth=0",
					"JucePlugin_WantsMidiInput=1",
					"JucePlugin_ProducesMidiOutput=1",
					"JucePlugin_IsMidiEffect=0",
					"JucePlugin_EditorRequiresKeyboardFocus=0",
					"JucePlugin_Version=1.0.0",
					"JucePlugin_VersionCode=0x10000",
					"JucePlugin_VersionString=\\\"1.0.0\\\"",
					"JucePlugin_VSTUniqueID=JucePlugin_PluginCode",
					"JucePlugin_VSTCategory=kPlugCategEffect",
					"JucePlugin_Vst3Category=\\\"Fx\\\"",
					"JucePlugin_AUMainType='aumf'",
					"JucePlugin_AUSubType=JucePlugin_PluginCode",
					"JucePlugin_AUExportPrefix=MicroModulationAU",
					"JucePlugin_AUExportPrefixQuoted=\\\"MicroModulationAU\\\"",
					"JucePlugin_AUManufacturerCode=JucePlugin_ManufacturerCode",
					"JucePlugin_CFBundleIdentifier=com.yourcompany.MicroModulation",
					"JucePlugin_RTASCategory=0",
					"JucePlugin_RTASManufacturerCode=JucePlugin_ManufacturerCode",
					"JucePlugin_RTASProductId=JucePlugin_PluginCode",
					"JucePlugin_RTASDisableBypass=0",
					"JucePlugin_RTASDisableMultiMono=0",
					"JucePlugin_AAXIdentifier=com.yourcompany.MicroModulation",
					"JucePlugin_AAXManufacturerCode=JucePlugin_ManufacturerCode",
					"JucePlugin_AAXProductId=JucePlugin_PluginCode",
					"JucePlugin_AAXCategory=0",
					"JucePlugin_AAXDisableBypass=0",
					"JucePlugin_AAXDisableMultiMono=0",
					"JucePlugin_IAAType=0x6175726d",
					"JucePlugin_IAASubType=JucePlugin_PluginCode",
					"JucePlugin_IAAName=\\\"yourcompany:\\ MicroModulation\\\"",
					"JucePlugin_VSTNumMidiInputs=16",
					"JucePlugin_VSTNumMidiOutputs=16",
					"JUCE_STANDALONE_APPLICATION=JucePlugin_Build_Standalone",
					"JUCER_XCODE_MAC_F6D2F4CF=1",
					"JUCE_APP_VERSION=1.0.0",
					"JUCE_APP_VERSION_HEX=0x10000",
				);
				GCC_VERSION = com.apple.compilers.llvm.clang.1_0;
				GENERATE_PKGINFO_FILE = YES;
				HEADER_SEARCH_PATHS = (
					"/Users/NevetssteveN/Desktop/Development/JUCE/modules/juce_audio_processors/format_types/VST3_SDK",
					"/Users/NevetssteveN/Desktop/Development/SDK/VST_SDK",
					"$(SRCROOT)/../../JuceLibraryCode",
					"/Users/NevetssteveN/Desktop/Development/JUCE/modules",
					"/Users/NevetssteveN/Desktop/Development/JUCE/modules/juce_audio_plugin_client",
					"$(inherited)",
				);
				INFOPLIST_FILE = Info-AU.plist;
				INFOPLIST_PREPROCESS = NO;
				INSTALL_PATH = "$(HOME)/Library/Audio/Plug-Ins/Components/";
				LIBRARY_STYLE = Bundle;
				LLVM_LTO = YES;
				MACOSX_DEPLOYMENT_TARGET = 10.11;
				MTL_HEADER_SEARCH_PATHS = "/Users/NevetssteveN/Desktop/Development/JUCE/modules/juce_audio_processors/format_types/VST3_SDK /Users/NevetssteveN/Desktop/Development/SDK/VST_SDK $(SRCROOT)/../../JuceLibraryCode /Users/NevetssteveN/Desktop/Development/JUCE/modules /Users/NevetssteveN/Desktop/Development/JUCE/modules/juce_audio_plugin_client";
				OTHER_LDFLAGS = "-bundle -lMicroModulation";
				OTHER_REZFLAGS = "-d ppc_$ppc -d i386_$i386 -d ppc64_$ppc64 -d x86_64_$x86_64 -I /System/Library/Frameworks/CoreServices.framework/Frameworks/CarbonCore.framework/Versions/A/Headers -I \"$(DEVELOPER_DIR)/Extras/CoreAudio/AudioUnits/AUPublic/AUBase\" -I \"$(DEVELOPER_DIR)/Platforms/MacOSX.platform/Developer/SDKs/MacOSX.sdk/System/Library/Frameworks/AudioUnit.framework/Headers\"";
				PRODUCT_BUNDLE_IDENTIFIER = com.yourcompany.MicroModulation;
				PRODUCT_NAME = "MicroModulation";
				USE_HEADERMAP = NO;
				VALID_ARCHS = "i386 x86_64 arm64 arm64e";
				WRAPPER_EXTENSION = component;
			};
			name = Release;
		};
		79749318D6B00F9459129592 /* Debug */ = {
			isa = XCBuildConfiguration;
			buildSettings = {
				CLANG_CXX_LANGUAGE_STANDARD = "c++14";
				CLANG_CXX_LIBRARY = "libc++";
				CLANG_LINK_OBJC_RUNTIME = NO;
				CODE_SIGN_IDENTITY = "";
				COMBINE_HIDPI_IMAGES = YES;
				CONFIGURATION_BUILD_DIR = "$(PROJECT_DIR)/build/$(CONFIGURATION)";
				COPY_PHASE_STRIP = NO;
				DEPLOYMENT_LOCATION = YES;
				DSTROOT = /;
				GCC_DYNAMIC_NO_PIC = NO;
				GCC_OPTIMIZATION_LEVEL = 0;
				GCC_PREPROCESSOR_DEFINITIONS = (
					"_DEBUG=1",
					"DEBUG=1",
					"JUCE_DISPLAY_SPLASH_SCREEN=1",
					"JUCE_USE_DARK_SPLASH_SCREEN=1",
					"JUCE_PROJUCER_VERSION=0x60008",
					"JUCE_MODULE_AVAILABLE_juce_audio_basics=1",
					"JUCE_MODULE_AVAILABLE_juce_audio_devices=1",
					"JUCE_MODULE_AVAILABLE_juce_audio_formats=1",
					"JUCE_MODULE_AVAILABLE_juce_audio_plugin_client=1",
					"JUCE_MODULE_AVAILABLE_juce_audio_processors=1",
					"JUCE_MODULE_AVAILABLE_juce_audio_utils=1",
					"JUCE_MODULE_AVAILABLE_juce_core=1",
					"JUCE_MODULE_AVAILABLE_juce_data_structures=1",
					"JUCE_MODULE_AVAILABLE_juce_events=1",
					"JUCE_MODULE_AVAILABLE_juce_graphics=1",
					"JUCE_MODULE_AVAILABLE_juce_gui_basics=1",
					"JUCE_MODULE_AVAILABLE_juce_gui_extra=1",
					"JUCE_GLOBAL_MODULE_SETTINGS_INCLUDED=1",
					"JUCE_VST3_CAN_REPLACE_VST2=0",
					"JUCE_STRICT_REFCOUNTEDPOINTER=1",
					"JucePlugin_Build_VST=0",
					"JucePlugin_Build_VST3=0",
					"JucePlugin_Build_AU=1",
					"JucePlugin_Build_AUv3=0",
					"JucePlugin_Build_RTAS=0",
					"JucePlugin_Build_AAX=0",
					"JucePlugin_Build_Standalone=0",
					"JucePlugin_Build_Unity=0",
					"JucePlugin_Enable_IAA=0",
					"JucePlugin_Name=\\\"MicroModulation\\\"",
					"JucePlugin_Desc=\\\"MicroModulation\\\"",
					"JucePlugin_Manufacturer=\\\"yourcompany\\\"",
					"JucePlugin_ManufacturerWebsite=\\\"\\\"",
					"JucePlugin_ManufacturerEmail=\\\"\\\"",
					"JucePlugin_ManufacturerCode=0x4d616e75",
					"JucePlugin_PluginCode=0x4866716b",
					"JucePlugin_IsSynth=0",
					"JucePlugin_WantsMidiInput=1",
					"JucePlugin_ProducesMidiOutput=1",
					"JucePlugin_IsMidiEffect=0",
					"JucePlugin_EditorRequiresKeyboardFocus=0",
					"JucePlugin_Version=1.0.0",
					"JucePlugin_VersionCode=0x10000",
					"JucePlugin_VersionString=\\\"1.0.0\\\"",
					"JucePlugin_VSTUniqueID=JucePlugin_PluginCode",
					"JucePlugin_VSTCategory=kPlugCategEffect",
					"JucePlugin_Vst3Category=\\\"Fx\\\"",
					"JucePlugin_AUMainType='aumf'",
					"JucePlugin_AUSubType=JucePlugin_PluginCode",
					"JucePlugin_AUExportPrefix=MicroModulationAU",
					"JucePlugin_AUExportPrefixQuoted=\\\"MicroModulationAU\\\"",
					"JucePlugin_AUManufacturerCode=JucePlugin_ManufacturerCode",
					"JucePlugin_CFBundleIdentifier=com.yourcompany.MicroModulation",
					"JucePlugin_RTASCategory=0",
					"JucePlugin_RTASManufacturerCode=JucePlugin_ManufacturerCode",
					"JucePlugin_RTASProductId=JucePlugin_PluginCode",
					"JucePlugin_RTASDisableBypass=0",
					"JucePlugin_RTASDisableMultiMono=0",
					"JucePlugin_AAXIdentifier=com.yourcompany.MicroModulation",
					"JucePlugin_AAXManufacturerCode=JucePlugin_ManufacturerCode",
					"JucePlugin_AAXProductId=JucePlugin_PluginCode",
					"JucePlugin_AAXCategory=0",
					"JucePlugin_AAXDisableBypass=0",
					"JucePlugin_AAXDisableMultiMono=0",
					"JucePlugin_IAAType=0x6175726d",
					"JucePlugin_IAASubType=JucePlugin_PluginCode",
					"JucePlugin_IAAName=\\\"yourcompany:\\ MicroModulation\\\"",
					"JucePlugin_VSTNumMidiInputs=16",
					"JucePlugin_VSTNumMidiOutputs=16",
					"JUCE_STANDALONE_APPLICATION=JucePlugin_Build_Standalone",
					"JUCER_XCODE_MAC_F6D2F4CF=1",
					"JUCE_APP_VERSION=1.0.0",
					"JUCE_APP_VERSION_HEX=0x10000",
				);
				GCC_VERSION = com.apple.compilers.llvm.clang.1_0;
				GENERATE_PKGINFO_FILE = YES;
				HEADER_SEARCH_PATHS = (
					"/Users/NevetssteveN/Desktop/Development/JUCE/modules/juce_audio_processors/format_types/VST3_SDK",
					"/Users/NevetssteveN/Desktop/Development/SDK/VST_SDK",
					"$(SRCROOT)/../../JuceLibraryCode",
					"/Users/NevetssteveN/Desktop/Development/JUCE/modules",
					"/Users/NevetssteveN/Desktop/Development/JUCE/modules/juce_audio_plugin_client",
					"$(inherited)",
				);
				INFOPLIST_FILE = Info-AU.plist;
				INFOPLIST_PREPROCESS = NO;
				INSTALL_PATH = "$(HOME)/Library/Audio/Plug-Ins/Components/";
				LIBRARY_STYLE = Bundle;
				MACOSX_DEPLOYMENT_TARGET = 10.11;
				MTL_HEADER_SEARCH_PATHS = "/Users/NevetssteveN/Desktop/Development/JUCE/modules/juce_audio_processors/format_types/VST3_SDK /Users/NevetssteveN/Desktop/Development/SDK/VST_SDK $(SRCROOT)/../../JuceLibraryCode /Users/NevetssteveN/Desktop/Development/JUCE/modules /Users/NevetssteveN/Desktop/Development/JUCE/modules/juce_audio_plugin_client";
				OTHER_LDFLAGS = "-bundle -lMicroModulation";
				OTHER_REZFLAGS = "-d ppc_$ppc -d i386_$i386 -d ppc64_$ppc64 -d x86_64_$x86_64 -I /System/Library/Frameworks/CoreServices.framework/Frameworks/CarbonCore.framework/Versions/A/Headers -I \"$(DEVELOPER_DIR)/Extras/CoreAudio/AudioUnits/AUPublic/AUBase\" -I \"$(DEVELOPER_DIR)/Platforms/MacOSX.platform/Developer/SDKs/MacOSX.sdk/System/Library/Frameworks/AudioUnit.framework/Headers\"";
				PRODUCT_BUNDLE_IDENTIFIER = com.yourcompany.MicroModulation;
				PRODUCT_NAME = "MicroModulation";
				USE_HEADERMAP = NO;
				VALID_ARCHS = "i386 x86_64 arm64 arm64e";
				WRAPPER_EXTENSION = component;
			};
			name = Debug;
		};
		7ADE3510A107565B1120B16A /* Debug */ = {
			isa = XCBuildConfiguration;
			buildSettings = {
				MACOSX_DEPLOYMENT_TARGET = 10.11;
				SDKROOT = macosx;
			};
			name = Debug;
		};
		A34AC0211CF84F7A031FBFEC /* Debug */ = {
			isa = XCBuildConfiguration;
			buildSettings = {
				CLANG_CXX_LANGUAGE_STANDARD = "c++14";
				CLANG_CXX_LIBRARY = "libc++";
				CLANG_LINK_OBJC_RUNTIME = NO;
				CODE_SIGN_IDENTITY = "";
				COMBINE_HIDPI_IMAGES = YES;
				CONFIGURATION_BUILD_DIR = "$(PROJECT_DIR)/build/$(CONFIGURATION)";
				COPY_PHASE_STRIP = NO;
				GCC_DYNAMIC_NO_PIC = NO;
				GCC_OPTIMIZATION_LEVEL = 0;
				GCC_PREPROCESSOR_DEFINITIONS = (
					"_DEBUG=1",
					"DEBUG=1",
					"JUCE_DISPLAY_SPLASH_SCREEN=1",
					"JUCE_USE_DARK_SPLASH_SCREEN=1",
					"JUCE_PROJUCER_VERSION=0x60008",
					"JUCE_MODULE_AVAILABLE_juce_audio_basics=1",
					"JUCE_MODULE_AVAILABLE_juce_audio_devices=1",
					"JUCE_MODULE_AVAILABLE_juce_audio_formats=1",
					"JUCE_MODULE_AVAILABLE_juce_audio_plugin_client=1",
					"JUCE_MODULE_AVAILABLE_juce_audio_processors=1",
					"JUCE_MODULE_AVAILABLE_juce_audio_utils=1",
					"JUCE_MODULE_AVAILABLE_juce_core=1",
					"JUCE_MODULE_AVAILABLE_juce_data_structures=1",
					"JUCE_MODULE_AVAILABLE_juce_events=1",
					"JUCE_MODULE_AVAILABLE_juce_graphics=1",
					"JUCE_MODULE_AVAILABLE_juce_gui_basics=1",
					"JUCE_MODULE_AVAILABLE_juce_gui_extra=1",
					"JUCE_GLOBAL_MODULE_SETTINGS_INCLUDED=1",
					"JUCE_VST3_CAN_REPLACE_VST2=0",
					"JUCE_STRICT_REFCOUNTEDPOINTER=1",
					"JucePlugin_Build_VST=0",
					"JucePlugin_Build_VST3=0",
					"JucePlugin_Build_AU=0",
					"JucePlugin_Build_AUv3=0",
					"JucePlugin_Build_RTAS=0",
					"JucePlugin_Build_AAX=0",
					"JucePlugin_Build_Standalone=1",
					"JucePlugin_Build_Unity=0",
					"JucePlugin_Enable_IAA=0",
					"JucePlugin_Name=\\\"MicroModulation\\\"",
					"JucePlugin_Desc=\\\"MicroModulation\\\"",
					"JucePlugin_Manufacturer=\\\"yourcompany\\\"",
					"JucePlugin_ManufacturerWebsite=\\\"\\\"",
					"JucePlugin_ManufacturerEmail=\\\"\\\"",
					"JucePlugin_ManufacturerCode=0x4d616e75",
					"JucePlugin_PluginCode=0x4866716b",
					"JucePlugin_IsSynth=0",
					"JucePlugin_WantsMidiInput=1",
					"JucePlugin_ProducesMidiOutput=1",
					"JucePlugin_IsMidiEffect=0",
					"JucePlugin_EditorRequiresKeyboardFocus=0",
					"JucePlugin_Version=1.0.0",
					"JucePlugin_VersionCode=0x10000",
					"JucePlugin_VersionString=\\\"1.0.0\\\"",
					"JucePlugin_VSTUniqueID=JucePlugin_PluginCode",
					"JucePlugin_VSTCategory=kPlugCategEffect",
					"JucePlugin_Vst3Category=\\\"Fx\\\"",
					"JucePlugin_AUMainType='aumf'",
					"JucePlugin_AUSubType=JucePlugin_PluginCode",
					"JucePlugin_AUExportPrefix=MicroModulationAU",
					"JucePlugin_AUExportPrefixQuoted=\\\"MicroModulationAU\\\"",
					"JucePlugin_AUManufacturerCode=JucePlugin_ManufacturerCode",
					"JucePlugin_CFBundleIdentifier=com.yourcompany.MicroModulation",
					"JucePlugin_RTASCategory=0",
					"JucePlugin_RTASManufacturerCode=JucePlugin_ManufacturerCode",
					"JucePlugin_RTASProductId=JucePlugin_PluginCode",
					"JucePlugin_RTASDisableBypass=0",
					"JucePlugin_RTASDisableMultiMono=0",
					"JucePlugin_AAXIdentifier=com.yourcompany.MicroModulation",
					"JucePlugin_AAXManufacturerCode=JucePlugin_ManufacturerCode",
					"JucePlugin_AAXProductId=JucePlugin_PluginCode",
					"JucePlugin_AAXCategory=0",
					"JucePlugin_AAXDisableBypass=0",
					"JucePlugin_AAXDisableMultiMono=0",
					"JucePlugin_IAAType=0x6175726d",
					"JucePlugin_IAASubType=JucePlugin_PluginCode",
					"JucePlugin_IAAName=\\\"yourcompany:\\ MicroModulation\\\"",
					"JucePlugin_VSTNumMidiInputs=16",
					"JucePlugin_VSTNumMidiOutputs=16",
					"JUCE_STANDALONE_APPLICATION=JucePlugin_Build_Standalone",
					"JUCER_XCODE_MAC_F6D2F4CF=1",
					"JUCE_APP_VERSION=1.0.0",
					"JUCE_APP_VERSION_HEX=0x10000",
				);
				GCC_VERSION = com.apple.compilers.llvm.clang.1_0;
				HEADER_SEARCH_PATHS = (
					"/Users/NevetssteveN/Desktop/Development/JUCE/modules/juce_audio_processors/format_types/VST3_SDK",
					"/Users/NevetssteveN/Desktop/Development/SDK/VST_SDK",
					"$(SRCROOT)/../../JuceLibraryCode",
					"/Users/NevetssteveN/Desktop/Development/JUCE/modules",
					"/Users/NevetssteveN/Desktop/Development/JUCE/modules/juce_audio_plugin_client",
					"$(inherited)",
				);
				INFOPLIST_FILE = Info-Standalone_Plugin.plist;
				INFOPLIST_PREPROCESS = NO;
				MACOSX_DEPLOYMENT_TARGET = 10.11;
				MTL_HEADER_SEARCH_PATHS = "/Users/NevetssteveN/Desktop/Development/JUCE/modules/juce_audio_processors/format_types/VST3_SDK /Users/NevetssteveN/Desktop/Development/SDK/VST_SDK $(SRCROOT)/../../JuceLibraryCode /Users/NevetssteveN/Desktop/Development/JUCE/modules /Users/NevetssteveN/Desktop/Development/JUCE/modules/juce_audio_plugin_client";
				OTHER_LDFLAGS = "-lMicroModulation";
				PRODUCT_BUNDLE_IDENTIFIER = com.yourcompany.MicroModulation;
				PRODUCT_NAME = "MicroModulation";
				USE_HEADERMAP = NO;
				VALID_ARCHS = "i386 x86_64 arm64 arm64e";
			};
			name = Debug;
		};
		D245D7B76E38A471C446DBE9 /* Debug */ = {
			isa = XCBuildConfiguration;
			buildSettings = {
				CLANG_CXX_LANGUAGE_STANDARD = "c++14";
				CLANG_CXX_LIBRARY = "libc++";
				CLANG_LINK_OBJC_RUNTIME = NO;
				CODE_SIGN_IDENTITY = "";
				COMBINE_HIDPI_IMAGES = YES;
				CONFIGURATION_BUILD_DIR = "$(PROJECT_DIR)/build/$(CONFIGURATION)";
				COPY_PHASE_STRIP = NO;
				DEPLOYMENT_LOCATION = YES;
				DSTROOT = /;
				GCC_DYNAMIC_NO_PIC = NO;
				GCC_OPTIMIZATION_LEVEL = 0;
				GCC_PREPROCESSOR_DEFINITIONS = (
					"_DEBUG=1",
					"DEBUG=1",
					"JUCE_DISPLAY_SPLASH_SCREEN=1",
					"JUCE_USE_DARK_SPLASH_SCREEN=1",
					"JUCE_PROJUCER_VERSION=0x60008",
					"JUCE_MODULE_AVAILABLE_juce_audio_basics=1",
					"JUCE_MODULE_AVAILABLE_juce_audio_devices=1",
					"JUCE_MODULE_AVAILABLE_juce_audio_formats=1",
					"JUCE_MODULE_AVAILABLE_juce_audio_plugin_client=1",
					"JUCE_MODULE_AVAILABLE_juce_audio_processors=1",
					"JUCE_MODULE_AVAILABLE_juce_audio_utils=1",
					"JUCE_MODULE_AVAILABLE_juce_core=1",
					"JUCE_MODULE_AVAILABLE_juce_data_structures=1",
					"JUCE_MODULE_AVAILABLE_juce_events=1",
					"JUCE_MODULE_AVAILABLE_juce_graphics=1",
					"JUCE_MODULE_AVAILABLE_juce_gui_basics=1",
					"JUCE_MODULE_AVAILABLE_juce_gui_extra=1",
					"JUCE_GLOBAL_MODULE_SETTINGS_INCLUDED=1",
					"JUCE_VST3_CAN_REPLACE_VST2=0",
					"JUCE_STRICT_REFCOUNTEDPOINTER=1",
					"JucePlugin_Build_VST=0",
					"JucePlugin_Build_VST3=1",
					"JucePlugin_Build_AU=0",
					"JucePlugin_Build_AUv3=0",
					"JucePlugin_Build_RTAS=0",
					"JucePlugin_Build_AAX=0",
					"JucePlugin_Build_Standalone=0",
					"JucePlugin_Build_Unity=0",
					"JucePlugin_Enable_IAA=0",
					"JucePlugin_Name=\\\"MicroModulation\\\"",
					"JucePlugin_Desc=\\\"MicroModulation\\\"",
					"JucePlugin_Manufacturer=\\\"yourcompany\\\"",
					"JucePlugin_ManufacturerWebsite=\\\"\\\"",
					"JucePlugin_ManufacturerEmail=\\\"\\\"",
					"JucePlugin_ManufacturerCode=0x4d616e75",
					"JucePlugin_PluginCode=0x4866716b",
					"JucePlugin_IsSynth=0",
					"JucePlugin_WantsMidiInput=1",
					"JucePlugin_ProducesMidiOutput=1",
					"JucePlugin_IsMidiEffect=0",
					"JucePlugin_EditorRequiresKeyboardFocus=0",
					"JucePlugin_Version=1.0.0",
					"JucePlugin_VersionCode=0x10000",
					"JucePlugin_VersionString=\\\"1.0.0\\\"",
					"JucePlugin_VSTUniqueID=JucePlugin_PluginCode",
					"JucePlugin_VSTCategory=kPlugCategEffect",
					"JucePlugin_Vst3Category=\\\"Fx\\\"",
					"JucePlugin_AUMainType='aumf'",
					"JucePlugin_AUSubType=JucePlugin_PluginCode",
					"JucePlugin_AUExportPrefix=MicroModulationAU",
					"JucePlugin_AUExportPrefixQuoted=\\\"MicroModulationAU\\\"",
					"JucePlugin_AUManufacturerCode=JucePlugin_ManufacturerCode",
					"JucePlugin_CFBundleIdentifier=com.yourcompany.MicroModulation",
					"JucePlugin_RTASCategory=0",
					"JucePlugin_RTASManufacturerCode=JucePlugin_ManufacturerCode",
					"JucePlugin_RTASProductId=JucePlugin_PluginCode",
					"JucePlugin_RTASDisableBypass=0",
					"JucePlugin_RTASDisableMultiMono=0",
					"JucePlugin_AAXIdentifier=com.yourcompany.MicroModulation",
					"JucePlugin_AAXManufacturerCode=JucePlugin_ManufacturerCode",
					"JucePlugin_AAXProductId=JucePlugin_PluginCode",
					"JucePlugin_AAXCategory=0",
					"JucePlugin_AAXDisableBypass=0",
					"JucePlugin_AAXDisableMultiMono=0",
					"JucePlugin_IAAType=0x6175726d",
					"JucePlugin_IAASubType=JucePlugin_PluginCode",
					"JucePlugin_IAAName=\\\"yourcompany:\\ MicroModulation\\\"",
					"JucePlugin_VSTNumMidiInputs=16",
					"JucePlugin_VSTNumMidiOutputs=16",
					"JUCE_STANDALONE_APPLICATION=JucePlugin_Build_Standalone",
					"JUCER_XCODE_MAC_F6D2F4CF=1",
					"JUCE_APP_VERSION=1.0.0",
					"JUCE_APP_VERSION_HEX=0x10000",
				);
				GCC_VERSION = com.apple.compilers.llvm.clang.1_0;
				GENERATE_PKGINFO_FILE = YES;
				HEADER_SEARCH_PATHS = (
					"/Users/NevetssteveN/Desktop/Development/JUCE/modules/juce_audio_processors/format_types/VST3_SDK",
					"/Users/NevetssteveN/Desktop/Development/SDK/VST_SDK",
					"$(SRCROOT)/../../JuceLibraryCode",
					"/Users/NevetssteveN/Desktop/Development/JUCE/modules",
					"/Users/NevetssteveN/Desktop/Development/JUCE/modules/juce_audio_plugin_client",
					"$(inherited)",
				);
				INFOPLIST_FILE = Info-VST3.plist;
				INFOPLIST_PREPROCESS = NO;
				INSTALL_PATH = "$(HOME)/Library/Audio/Plug-Ins/VST3/";
				LIBRARY_STYLE = Bundle;
				MACOSX_DEPLOYMENT_TARGET = 10.11;
				MTL_HEADER_SEARCH_PATHS = "/Users/NevetssteveN/Desktop/Development/JUCE/modules/juce_audio_processors/format_types/VST3_SDK /Users/NevetssteveN/Desktop/Development/SDK/VST_SDK $(SRCROOT)/../../JuceLibraryCode /Users/NevetssteveN/Desktop/Development/JUCE/modules /Users/NevetssteveN/Desktop/Development/JUCE/modules/juce_audio_plugin_client";
				OTHER_LDFLAGS = "-bundle -lMicroModulation";
				PRODUCT_BUNDLE_IDENTIFIER = com.yourcompany.MicroModulation;
				PRODUCT_NAME = "MicroModulation";
				USE_HEADERMAP = NO;
				VALID_ARCHS = "i386 x86_64 arm64 arm64e";
				WRAPPER_EXTENSION = vst3;
			};
			name = Debug;
		};
		E07CB4B1893D0E51A4CBBD75 /* Debug */ = {
			isa = XCBuildConfiguration;
			buildSettings = {
				ALWAYS_SEARCH_USER_PATHS = NO;
				CLANG_ENABLE_OBJC_WEAK = YES;
				CLANG_WARN_BLOCK_CAPTURE_AUTORELEASING = YES;
				CLANG_WARN_BOOL_CONVERSION = YES;
				CLANG_WARN_COMMA = YES;
				CLANG_WARN_CONSTANT_CONVERSION = YES;
				CLANG_WARN_DEPRECATED_OBJC_IMPLEMENTATIONS = YES;
				CLANG_WARN_EMPTY_BODY = YES;
				CLANG_WARN_ENUM_CONVERSION = YES;
				CLANG_WARN_INFINITE_RECURSION = YES;
				CLANG_WARN_INT_CONVERSION = YES;
				CLANG_WARN_NON_LITERAL_NULL_CONVERSION = YES;
				CLANG_WARN_OBJC_IMPLICIT_RETAIN_SELF = YES;
				CLANG_WARN_OBJC_LITERAL_CONVERSION = YES;
				CLANG_WARN_RANGE_LOOP_ANALYSIS = YES;
				CLANG_WARN_STRICT_PROTOTYPES = YES;
				CLANG_WARN_SUSPICIOUS_MOVE = YES;
				CLANG_WARN_UNREACHABLE_CODE = YES;
				CLANG_WARN__DUPLICATE_METHOD_MATCH = YES;
				CODE_SIGN_IDENTITY = "";
				DEBUG_INFORMATION_FORMAT = dwarf;
				ENABLE_STRICT_OBJC_MSGSEND = YES;
				ENABLE_TESTABILITY = NO;
				GCC_C_LANGUAGE_STANDARD = c11;
				GCC_INLINES_ARE_PRIVATE_EXTERN = YES;
				GCC_MODEL_TUNING = G5;
				GCC_NO_COMMON_BLOCKS = YES;
				GCC_SYMBOLS_PRIVATE_EXTERN = YES;
				GCC_WARN_64_TO_32_BIT_CONVERSION = YES;
				GCC_WARN_ABOUT_RETURN_TYPE = YES;
				GCC_WARN_CHECK_SWITCH_STATEMENTS = YES;
				GCC_WARN_MISSING_PARENTHESES = YES;
				GCC_WARN_NON_VIRTUAL_DESTRUCTOR = YES;
				GCC_WARN_TYPECHECK_CALLS_TO_PRINTF = YES;
				GCC_WARN_UNDECLARED_SELECTOR = YES;
				GCC_WARN_UNINITIALIZED_AUTOS = YES;
				GCC_WARN_UNUSED_FUNCTION = YES;
				GCC_WARN_UNUSED_VARIABLE = YES;
				ONLY_ACTIVE_ARCH = YES;
				PRODUCT_NAME = "MicroModulation";
				SDKROOT = macosx;
				WARNING_CFLAGS = "-Wreorder";
				ZERO_LINK = NO;
			};
			name = Debug;
		};
		E1A26758940CCD492B9B006E /* Release */ = {
			isa = XCBuildConfiguration;
			buildSettings = {
				MACOSX_DEPLOYMENT_TARGET = 10.11;
				SDKROOT = macosx;
			};
			name = Release;
		};
		E471294B8D06DAE524517AC5 /* Release */ = {
			isa = XCBuildConfiguration;
			buildSettings = {
				CLANG_CXX_LANGUAGE_STANDARD = "c++14";
				CLANG_CXX_LIBRARY = "libc++";
				CLANG_LINK_OBJC_RUNTIME = NO;
				CODE_SIGN_IDENTITY = "";
				COMBINE_HIDPI_IMAGES = YES;
				CONFIGURATION_BUILD_DIR = "$(PROJECT_DIR)/build/$(CONFIGURATION)";
				DEAD_CODE_STRIPPING = YES;
				GCC_GENERATE_DEBUGGING_SYMBOLS = NO;
				GCC_OPTIMIZATION_LEVEL = 3;
				GCC_PREPROCESSOR_DEFINITIONS = (
					"_NDEBUG=1",
					"NDEBUG=1",
					"JUCE_DISPLAY_SPLASH_SCREEN=1",
					"JUCE_USE_DARK_SPLASH_SCREEN=1",
					"JUCE_PROJUCER_VERSION=0x60008",
					"JUCE_MODULE_AVAILABLE_juce_audio_basics=1",
					"JUCE_MODULE_AVAILABLE_juce_audio_devices=1",
					"JUCE_MODULE_AVAILABLE_juce_audio_formats=1",
					"JUCE_MODULE_AVAILABLE_juce_audio_plugin_client=1",
					"JUCE_MODULE_AVAILABLE_juce_audio_processors=1",
					"JUCE_MODULE_AVAILABLE_juce_audio_utils=1",
					"JUCE_MODULE_AVAILABLE_juce_core=1",
					"JUCE_MODULE_AVAILABLE_juce_data_structures=1",
					"JUCE_MODULE_AVAILABLE_juce_events=1",
					"JUCE_MODULE_AVAILABLE_juce_graphics=1",
					"JUCE_MODULE_AVAILABLE_juce_gui_basics=1",
					"JUCE_MODULE_AVAILABLE_juce_gui_extra=1",
					"JUCE_GLOBAL_MODULE_SETTINGS_INCLUDED=1",
					"JUCE_VST3_CAN_REPLACE_VST2=0",
					"JUCE_STRICT_REFCOUNTEDPOINTER=1",
					"JucePlugin_Build_VST=0",
					"JucePlugin_Build_VST3=1",
					"JucePlugin_Build_AU=1",
					"JucePlugin_Build_AUv3=0",
					"JucePlugin_Build_RTAS=0",
					"JucePlugin_Build_AAX=0",
					"JucePlugin_Build_Standalone=1",
					"JucePlugin_Build_Unity=0",
					"JucePlugin_Enable_IAA=0",
					"JucePlugin_Name=\\\"MicroModulation\\\"",
					"JucePlugin_Desc=\\\"MicroModulation\\\"",
					"JucePlugin_Manufacturer=\\\"yourcompany\\\"",
					"JucePlugin_ManufacturerWebsite=\\\"\\\"",
					"JucePlugin_ManufacturerEmail=\\\"\\\"",
					"JucePlugin_ManufacturerCode=0x4d616e75",
					"JucePlugin_PluginCode=0x4866716b",
					"JucePlugin_IsSynth=0",
					"JucePlugin_WantsMidiInput=1",
					"JucePlugin_ProducesMidiOutput=1",
					"JucePlugin_IsMidiEffect=0",
					"JucePlugin_EditorRequiresKeyboardFocus=0",
					"JucePlugin_Version=1.0.0",
					"JucePlugin_VersionCode=0x10000",
					"JucePlugin_VersionString=\\\"1.0.0\\\"",
					"JucePlugin_VSTUniqueID=JucePlugin_PluginCode",
					"JucePlugin_VSTCategory=kPlugCategEffect",
					"JucePlugin_Vst3Category=\\\"Fx\\\"",
					"JucePlugin_AUMainType='aumf'",
					"JucePlugin_AUSubType=JucePlugin_PluginCode",
					"JucePlugin_AUExportPrefix=MicroModulationAU",
					"JucePlugin_AUExportPrefixQuoted=\\\"MicroModulationAU\\\"",
					"JucePlugin_AUManufacturerCode=JucePlugin_ManufacturerCode",
					"JucePlugin_CFBundleIdentifier=com.yourcompany.MicroModulation",
					"JucePlugin_RTASCategory=0",
					"JucePlugin_RTASManufacturerCode=JucePlugin_ManufacturerCode",
					"JucePlugin_RTASProductId=JucePlugin_PluginCode",
					"JucePlugin_RTASDisableBypass=0",
					"JucePlugin_RTASDisableMultiMono=0",
					"JucePlugin_AAXIdentifier=com.yourcompany.MicroModulation",
					"JucePlugin_AAXManufacturerCode=JucePlugin_ManufacturerCode",
					"JucePlugin_AAXProductId=JucePlugin_PluginCode",
					"JucePlugin_AAXCategory=0",
					"JucePlugin_AAXDisableBypass=0",
					"JucePlugin_AAXDisableMultiMono=0",
					"JucePlugin_IAAType=0x6175726d",
					"JucePlugin_IAASubType=JucePlugin_PluginCode",
					"JucePlugin_IAAName=\\\"yourcompany:\\ MicroModulation\\\"",
					"JucePlugin_VSTNumMidiInputs=16",
					"JucePlugin_VSTNumMidiOutputs=16",
					"JUCE_STANDALONE_APPLICATION=JucePlugin_Build_Standalone",
					"JUCER_XCODE_MAC_F6D2F4CF=1",
					"JUCE_APP_VERSION=1.0.0",
					"JUCE_APP_VERSION_HEX=0x10000",
					"JUCE_SHARED_CODE=1",
				);
				GCC_VERSION = com.apple.compilers.llvm.clang.1_0;
				HEADER_SEARCH_PATHS = (
					"/Users/NevetssteveN/Desktop/Development/JUCE/modules/juce_audio_processors/format_types/VST3_SDK",
					"/Users/NevetssteveN/Desktop/Development/SDK/VST_SDK",
					"$(SRCROOT)/../../JuceLibraryCode",
					"/Users/NevetssteveN/Desktop/Development/JUCE/modules",
					"/Users/NevetssteveN/Desktop/Development/JUCE/modules/juce_audio_plugin_client",
					"$(inherited)",
				);
				INSTALL_PATH = "@executable_path/../Frameworks";
				LLVM_LTO = YES;
				MACOSX_DEPLOYMENT_TARGET = 10.11;
				MTL_HEADER_SEARCH_PATHS = "/Users/NevetssteveN/Desktop/Development/JUCE/modules/juce_audio_processors/format_types/VST3_SDK /Users/NevetssteveN/Desktop/Development/SDK/VST_SDK $(SRCROOT)/../../JuceLibraryCode /Users/NevetssteveN/Desktop/Development/JUCE/modules /Users/NevetssteveN/Desktop/Development/JUCE/modules/juce_audio_plugin_client";
				PRODUCT_BUNDLE_IDENTIFIER = com.yourcompany.MicroModulation;
				PRODUCT_NAME = "MicroModulation";
				SKIP_INSTALL = YES;
				USE_HEADERMAP = NO;
				VALID_ARCHS = "i386 x86_64 arm64 arm64e";
			};
			name = Release;
		};
/* End XCBuildConfiguration section */

/* Begin XCConfigurationList section */
		016F1554E0EB394F5C005CB9 = {
			isa = XCConfigurationList;
			buildConfigurations = (
				0FB5B31F9F5DEC97F6477E67,
				E471294B8D06DAE524517AC5,
			);
			defaultConfigurationIsVisible = 0;
			defaultConfigurationName = Debug;
		};
		3F06228D6FEB98ECF3D09352 = {
			isa = XCConfigurationList;
			buildConfigurations = (
				79749318D6B00F9459129592,
				3D9F5713CAFAB4B06ABC548C,
			);
			defaultConfigurationIsVisible = 0;
			defaultConfigurationName = Debug;
		};
		58F7B49B4CA3CCC5711E42E0 = {
			isa = XCConfigurationList;
			buildConfigurations = (
				A34AC0211CF84F7A031FBFEC,
				01BBC74C05D1A02BC0341B66,
			);
			defaultConfigurationIsVisible = 0;
			defaultConfigurationName = Debug;
		};
		70F6EFF52C91ABE7478413B2 = {
			isa = XCConfigurationList;
			buildConfigurations = (
				0D81C199C969C41FF9C2AEAB,
				E07CB4B1893D0E51A4CBBD75,
			);
			defaultConfigurationIsVisible = 0;
			defaultConfigurationName = Debug;
		};
		BF0BC20A7713DF55C219D874 = {
			isa = XCConfigurationList;
			buildConfigurations = (
				7ADE3510A107565B1120B16A,
				E1A26758940CCD492B9B006E,
			);
			defaultConfigurationIsVisible = 0;
			defaultConfigurationName = Debug;
		};
		F457F3FCC78AC10288CBDB80 = {
			isa = XCConfigurationList;
			buildConfigurations = (
				D245D7B76E38A471C446DBE9,
				35F260E23A7A99B6F2D867AC,
			);
			defaultConfigurationIsVisible = 0;
			defaultConfigurationName = Debug;
		};
/* End XCConfigurationList section */
	};
	rootObject = 4A793F1054488BF4139C32FA /* Project object */;
}
